// !$*UTF8*$!
{
	archiveVersion = 1;
	classes = {
	};
	objectVersion = 46;
	objects = {

/* Begin PBXBuildFile section */
		3E41BF051E793A4F00D5CDC0 /* HDetailView.m in Sources */ = {isa = PBXBuildFile; fileRef = 3E41BEFE1E793A4F00D5CDC0 /* HDetailView.m */; };
		3E41BF061E793A4F00D5CDC0 /* ItemDetailModel.m in Sources */ = {isa = PBXBuildFile; fileRef = 3E41BF011E793A4F00D5CDC0 /* ItemDetailModel.m */; };
		3E41BF071E793A4F00D5CDC0 /* ItemDetailView.m in Sources */ = {isa = PBXBuildFile; fileRef = 3E41BF041E793A4F00D5CDC0 /* ItemDetailView.m */; };
		3E41BF0A1E79426900D5CDC0 /* PictureViewController.m in Sources */ = {isa = PBXBuildFile; fileRef = 3E41BF091E79426900D5CDC0 /* PictureViewController.m */; };
		3ECBE7291E78CF160065E9F4 /* main.m in Sources */ = {isa = PBXBuildFile; fileRef = 3ECBE7281E78CF160065E9F4 /* main.m */; };
		3ECBE72C1E78CF160065E9F4 /* AppDelegate.m in Sources */ = {isa = PBXBuildFile; fileRef = 3ECBE72B1E78CF160065E9F4 /* AppDelegate.m */; };
		3ECBE72F1E78CF160065E9F4 /* ViewController.m in Sources */ = {isa = PBXBuildFile; fileRef = 3ECBE72E1E78CF160065E9F4 /* ViewController.m */; };
		3ECBE7321E78CF160065E9F4 /* Main.storyboard in Resources */ = {isa = PBXBuildFile; fileRef = 3ECBE7301E78CF160065E9F4 /* Main.storyboard */; };
		3ECBE7341E78CF160065E9F4 /* Assets.xcassets in Resources */ = {isa = PBXBuildFile; fileRef = 3ECBE7331E78CF160065E9F4 /* Assets.xcassets */; };
		3ECBE7371E78CF160065E9F4 /* LaunchScreen.storyboard in Resources */ = {isa = PBXBuildFile; fileRef = 3ECBE7351E78CF160065E9F4 /* LaunchScreen.storyboard */; };
		3ECBE7421E78CF160065E9F4 /* DetailViewTests.m in Sources */ = {isa = PBXBuildFile; fileRef = 3ECBE7411E78CF160065E9F4 /* DetailViewTests.m */; };
		3ECBE74D1E78CF160065E9F4 /* DetailViewUITests.m in Sources */ = {isa = PBXBuildFile; fileRef = 3ECBE74C1E78CF160065E9F4 /* DetailViewUITests.m */; };
		3EDEF8AE1E795B070023E600 /* PictureView.m in Sources */ = {isa = PBXBuildFile; fileRef = 3EDEF8AD1E795B070023E600 /* PictureView.m */; };
		3EDEF8B11E7960780023E600 /* PhotosView.m in Sources */ = {isa = PBXBuildFile; fileRef = 3EDEF8B01E7960780023E600 /* PhotosView.m */; };
		3EDEF8C11E7A71610023E600 /* Photos.framework in Frameworks */ = {isa = PBXBuildFile; fileRef = 3EDEF8C01E7A71610023E600 /* Photos.framework */; };
		3EDEF9101E7A7CD50023E600 /* ZZAlumAnimation.m in Sources */ = {isa = PBXBuildFile; fileRef = 3EDEF8C61E7A7CD50023E600 /* ZZAlumAnimation.m */; };
		3EDEF9111E7A7CD50023E600 /* back_button_normal.png in Resources */ = {isa = PBXBuildFile; fileRef = 3EDEF8C81E7A7CD50023E600 /* back_button_normal.png */; };
		3EDEF9121E7A7CD50023E600 /* back_button_normal@2x.png in Resources */ = {isa = PBXBuildFile; fileRef = 3EDEF8C91E7A7CD50023E600 /* back_button_normal@2x.png */; };
		3EDEF9131E7A7CD50023E600 /* camera_focus_pic.png in Resources */ = {isa = PBXBuildFile; fileRef = 3EDEF8CA1E7A7CD50023E600 /* camera_focus_pic.png */; };
		3EDEF9141E7A7CD50023E600 /* change_camera_pic.png in Resources */ = {isa = PBXBuildFile; fileRef = 3EDEF8CB1E7A7CD50023E600 /* change_camera_pic.png */; };
		3EDEF9151E7A7CD50023E600 /* flash_close_pic.png in Resources */ = {isa = PBXBuildFile; fileRef = 3EDEF8CC1E7A7CD50023E600 /* flash_close_pic.png */; };
		3EDEF9161E7A7CD50023E600 /* flash_open_pic.png in Resources */ = {isa = PBXBuildFile; fileRef = 3EDEF8CD1E7A7CD50023E600 /* flash_open_pic.png */; };
		3EDEF9171E7A7CD50023E600 /* no_data.png in Resources */ = {isa = PBXBuildFile; fileRef = 3EDEF8CE1E7A7CD50023E600 /* no_data.png */; };
		3EDEF9181E7A7CD50023E600 /* photo_add.png in Resources */ = {isa = PBXBuildFile; fileRef = 3EDEF8CF1E7A7CD50023E600 /* photo_add.png */; };
		3EDEF9191E7A7CD50023E600 /* remove_btn_pic.png in Resources */ = {isa = PBXBuildFile; fileRef = 3EDEF8D01E7A7CD50023E600 /* remove_btn_pic.png */; };
		3EDEF91A1E7A7CD50023E600 /* select_no.png in Resources */ = {isa = PBXBuildFile; fileRef = 3EDEF8D11E7A7CD50023E600 /* select_no.png */; };
		3EDEF91B1E7A7CD50023E600 /* select_yes.png in Resources */ = {isa = PBXBuildFile; fileRef = 3EDEF8D21E7A7CD50023E600 /* select_yes.png */; };
		3EDEF91C1E7A7CD50023E600 /* take_photo_pic.png in Resources */ = {isa = PBXBuildFile; fileRef = 3EDEF8D31E7A7CD50023E600 /* take_photo_pic.png */; };
		3EDEF91D1E7A7CD50023E600 /* take_photo_pic@2x.png in Resources */ = {isa = PBXBuildFile; fileRef = 3EDEF8D41E7A7CD50023E600 /* take_photo_pic@2x.png */; };
		3EDEF91E1E7A7CD50023E600 /* trash_btn_pic.png in Resources */ = {isa = PBXBuildFile; fileRef = 3EDEF8D51E7A7CD50023E600 /* trash_btn_pic.png */; };
		3EDEF91F1E7A7CD50023E600 /* zz_alumb_rightCell.png in Resources */ = {isa = PBXBuildFile; fileRef = 3EDEF8D61E7A7CD50023E600 /* zz_alumb_rightCell.png */; };
		3EDEF9201E7A7CD50023E600 /* ZZBrowserPickerCell.m in Sources */ = {isa = PBXBuildFile; fileRef = 3EDEF8DA1E7A7CD50023E600 /* ZZBrowserPickerCell.m */; };
		3EDEF9211E7A7CD50023E600 /* ZZBrowserPickerViewController.m in Sources */ = {isa = PBXBuildFile; fileRef = 3EDEF8DC1E7A7CD50023E600 /* ZZBrowserPickerViewController.m */; };
		3EDEF9221E7A7CD50023E600 /* ZZPageControl.m in Sources */ = {isa = PBXBuildFile; fileRef = 3EDEF8DE1E7A7CD50023E600 /* ZZPageControl.m */; };
		3EDEF9231E7A7CD50023E600 /* ZZCameraBrowerViewController.m in Sources */ = {isa = PBXBuildFile; fileRef = 3EDEF8E21E7A7CD50023E600 /* ZZCameraBrowerViewController.m */; };
		3EDEF9241E7A7CD50023E600 /* ZZCameraController.m in Sources */ = {isa = PBXBuildFile; fileRef = 3EDEF8E41E7A7CD50023E600 /* ZZCameraController.m */; };
		3EDEF9251E7A7CD50023E600 /* ZZCameraPickerViewController.m in Sources */ = {isa = PBXBuildFile; fileRef = 3EDEF8E61E7A7CD50023E600 /* ZZCameraPickerViewController.m */; };
		3EDEF9261E7A7CD50023E600 /* ZZCamera.m in Sources */ = {isa = PBXBuildFile; fileRef = 3EDEF8E91E7A7CD50023E600 /* ZZCamera.m */; };
		3EDEF9271E7A7CD50023E600 /* ZZCameraBrowerCell.m in Sources */ = {isa = PBXBuildFile; fileRef = 3EDEF8EC1E7A7CD50023E600 /* ZZCameraBrowerCell.m */; };
		3EDEF9281E7A7CD50023E600 /* ZZCameraFocusView.m in Sources */ = {isa = PBXBuildFile; fileRef = 3EDEF8EE1E7A7CD50023E600 /* ZZCameraFocusView.m */; };
		3EDEF9291E7A7CD50023E600 /* ZZCameraPickerCell.m in Sources */ = {isa = PBXBuildFile; fileRef = 3EDEF8F01E7A7CD50023E600 /* ZZCameraPickerCell.m */; };
		3EDEF92A1E7A7CD50023E600 /* ZZPhotoBrowerViewController.m in Sources */ = {isa = PBXBuildFile; fileRef = 3EDEF8F41E7A7CD50023E600 /* ZZPhotoBrowerViewController.m */; };
		3EDEF92B1E7A7CD50023E600 /* ZZPhotoController.m in Sources */ = {isa = PBXBuildFile; fileRef = 3EDEF8F61E7A7CD50023E600 /* ZZPhotoController.m */; };
		3EDEF92C1E7A7CD50023E600 /* ZZPhotoListViewController.m in Sources */ = {isa = PBXBuildFile; fileRef = 3EDEF8F81E7A7CD50023E600 /* ZZPhotoListViewController.m */; };
		3EDEF92D1E7A7CD50023E600 /* ZZPhotoPickerViewController.m in Sources */ = {isa = PBXBuildFile; fileRef = 3EDEF8FA1E7A7CD50023E600 /* ZZPhotoPickerViewController.m */; };
		3EDEF92E1E7A7CD50023E600 /* ZZPhoto.m in Sources */ = {isa = PBXBuildFile; fileRef = 3EDEF8FD1E7A7CD50023E600 /* ZZPhoto.m */; };
		3EDEF92F1E7A7CD50023E600 /* ZZPhotoDatas.m in Sources */ = {isa = PBXBuildFile; fileRef = 3EDEF8FF1E7A7CD50023E600 /* ZZPhotoDatas.m */; };
		3EDEF9301E7A7CD50023E600 /* ZZPhotoListModel.m in Sources */ = {isa = PBXBuildFile; fileRef = 3EDEF9011E7A7CD50023E600 /* ZZPhotoListModel.m */; };
		3EDEF9311E7A7CD50023E600 /* ZZPhotoAlert.m in Sources */ = {isa = PBXBuildFile; fileRef = 3EDEF9041E7A7CD50023E600 /* ZZPhotoAlert.m */; };
		3EDEF9321E7A7CD50023E600 /* ZZPhotoBrowerCell.m in Sources */ = {isa = PBXBuildFile; fileRef = 3EDEF9061E7A7CD50023E600 /* ZZPhotoBrowerCell.m */; };
		3EDEF9331E7A7CD50023E600 /* ZZPhotoHud.m in Sources */ = {isa = PBXBuildFile; fileRef = 3EDEF9081E7A7CD50023E600 /* ZZPhotoHud.m */; };
		3EDEF9341E7A7CD50023E600 /* ZZPhotoListCell.m in Sources */ = {isa = PBXBuildFile; fileRef = 3EDEF90A1E7A7CD50023E600 /* ZZPhotoListCell.m */; };
		3EDEF9351E7A7CD50023E600 /* ZZPhotoPickerCell.m in Sources */ = {isa = PBXBuildFile; fileRef = 3EDEF90C1E7A7CD50023E600 /* ZZPhotoPickerCell.m */; };
		3EDEF9361E7A7CD50023E600 /* ZZPhotoPickerFooterView.m in Sources */ = {isa = PBXBuildFile; fileRef = 3EDEF90E1E7A7CD50023E600 /* ZZPhotoPickerFooterView.m */; };
		3EDEF9591E7A81040023E600 /* MKAnnotationView+WebCache.m in Sources */ = {isa = PBXBuildFile; fileRef = 3EDEF9391E7A81040023E600 /* MKAnnotationView+WebCache.m */; };
		3EDEF95A1E7A81040023E600 /* NSData+ImageContentType.m in Sources */ = {isa = PBXBuildFile; fileRef = 3EDEF93B1E7A81040023E600 /* NSData+ImageContentType.m */; };
		3EDEF95B1E7A81040023E600 /* SDImageCache.m in Sources */ = {isa = PBXBuildFile; fileRef = 3EDEF93D1E7A81040023E600 /* SDImageCache.m */; };
		3EDEF95C1E7A81040023E600 /* SDWebImageCompat.m in Sources */ = {isa = PBXBuildFile; fileRef = 3EDEF93F1E7A81040023E600 /* SDWebImageCompat.m */; };
		3EDEF95D1E7A81040023E600 /* SDWebImageDecoder.m in Sources */ = {isa = PBXBuildFile; fileRef = 3EDEF9411E7A81040023E600 /* SDWebImageDecoder.m */; };
		3EDEF95E1E7A81040023E600 /* SDWebImageDownloader.m in Sources */ = {isa = PBXBuildFile; fileRef = 3EDEF9431E7A81040023E600 /* SDWebImageDownloader.m */; };
		3EDEF95F1E7A81040023E600 /* SDWebImageDownloaderOperation.m in Sources */ = {isa = PBXBuildFile; fileRef = 3EDEF9451E7A81040023E600 /* SDWebImageDownloaderOperation.m */; };
		3EDEF9601E7A81040023E600 /* SDWebImageManager.m in Sources */ = {isa = PBXBuildFile; fileRef = 3EDEF9471E7A81040023E600 /* SDWebImageManager.m */; };
		3EDEF9611E7A81040023E600 /* SDWebImagePrefetcher.m in Sources */ = {isa = PBXBuildFile; fileRef = 3EDEF94A1E7A81040023E600 /* SDWebImagePrefetcher.m */; };
		3EDEF9621E7A81040023E600 /* UIButton+WebCache.m in Sources */ = {isa = PBXBuildFile; fileRef = 3EDEF94C1E7A81040023E600 /* UIButton+WebCache.m */; };
		3EDEF9631E7A81040023E600 /* UIImage+GIF.m in Sources */ = {isa = PBXBuildFile; fileRef = 3EDEF94E1E7A81040023E600 /* UIImage+GIF.m */; };
		3EDEF9641E7A81040023E600 /* UIImage+MultiFormat.m in Sources */ = {isa = PBXBuildFile; fileRef = 3EDEF9501E7A81040023E600 /* UIImage+MultiFormat.m */; };
		3EDEF9651E7A81040023E600 /* UIImage+WebP.m in Sources */ = {isa = PBXBuildFile; fileRef = 3EDEF9521E7A81040023E600 /* UIImage+WebP.m */; };
		3EDEF9661E7A81040023E600 /* UIImageView+HighlightedWebCache.m in Sources */ = {isa = PBXBuildFile; fileRef = 3EDEF9541E7A81040023E600 /* UIImageView+HighlightedWebCache.m */; };
		3EDEF9671E7A81040023E600 /* UIImageView+WebCache.m in Sources */ = {isa = PBXBuildFile; fileRef = 3EDEF9561E7A81040023E600 /* UIImageView+WebCache.m */; };
		3EDEF9681E7A81040023E600 /* UIView+WebCacheOperation.m in Sources */ = {isa = PBXBuildFile; fileRef = 3EDEF9581E7A81040023E600 /* UIView+WebCacheOperation.m */; };
		5E88E4569333D6C6B7B3FC26 /* libPods-DetailView.a in Frameworks */ = {isa = PBXBuildFile; fileRef = C77B933C0CE49682758B17CB /* libPods-DetailView.a */; };
/* End PBXBuildFile section */

/* Begin PBXContainerItemProxy section */
		3ECBE73E1E78CF160065E9F4 /* PBXContainerItemProxy */ = {
			isa = PBXContainerItemProxy;
			containerPortal = 3ECBE71C1E78CF160065E9F4 /* Project object */;
			proxyType = 1;
			remoteGlobalIDString = 3ECBE7231E78CF160065E9F4;
			remoteInfo = DetailView;
		};
		3ECBE7491E78CF160065E9F4 /* PBXContainerItemProxy */ = {
			isa = PBXContainerItemProxy;
			containerPortal = 3ECBE71C1E78CF160065E9F4 /* Project object */;
			proxyType = 1;
			remoteGlobalIDString = 3ECBE7231E78CF160065E9F4;
			remoteInfo = DetailView;
		};
/* End PBXContainerItemProxy section */

/* Begin PBXFileReference section */
		3E41BEFD1E793A4F00D5CDC0 /* HDetailView.h */ = {isa = PBXFileReference; fileEncoding = 4; lastKnownFileType = sourcecode.c.h; path = HDetailView.h; sourceTree = "<group>"; };
		3E41BEFE1E793A4F00D5CDC0 /* HDetailView.m */ = {isa = PBXFileReference; fileEncoding = 4; lastKnownFileType = sourcecode.c.objc; path = HDetailView.m; sourceTree = "<group>"; };
		3E41BF001E793A4F00D5CDC0 /* ItemDetailModel.h */ = {isa = PBXFileReference; fileEncoding = 4; lastKnownFileType = sourcecode.c.h; path = ItemDetailModel.h; sourceTree = "<group>"; };
		3E41BF011E793A4F00D5CDC0 /* ItemDetailModel.m */ = {isa = PBXFileReference; fileEncoding = 4; lastKnownFileType = sourcecode.c.objc; path = ItemDetailModel.m; sourceTree = "<group>"; };
		3E41BF031E793A4F00D5CDC0 /* ItemDetailView.h */ = {isa = PBXFileReference; fileEncoding = 4; lastKnownFileType = sourcecode.c.h; path = ItemDetailView.h; sourceTree = "<group>"; };
		3E41BF041E793A4F00D5CDC0 /* ItemDetailView.m */ = {isa = PBXFileReference; fileEncoding = 4; lastKnownFileType = sourcecode.c.objc; path = ItemDetailView.m; sourceTree = "<group>"; };
		3E41BF081E79426900D5CDC0 /* PictureViewController.h */ = {isa = PBXFileReference; fileEncoding = 4; lastKnownFileType = sourcecode.c.h; path = PictureViewController.h; sourceTree = "<group>"; };
		3E41BF091E79426900D5CDC0 /* PictureViewController.m */ = {isa = PBXFileReference; fileEncoding = 4; lastKnownFileType = sourcecode.c.objc; path = PictureViewController.m; sourceTree = "<group>"; };
		3E41BF0B1E7942C500D5CDC0 /* PrefixHeader.pch */ = {isa = PBXFileReference; lastKnownFileType = sourcecode.c.h; path = PrefixHeader.pch; sourceTree = "<group>"; };
		3ECBE7241E78CF160065E9F4 /* DetailView.app */ = {isa = PBXFileReference; explicitFileType = wrapper.application; includeInIndex = 0; path = DetailView.app; sourceTree = BUILT_PRODUCTS_DIR; };
		3ECBE7281E78CF160065E9F4 /* main.m */ = {isa = PBXFileReference; lastKnownFileType = sourcecode.c.objc; path = main.m; sourceTree = "<group>"; };
		3ECBE72A1E78CF160065E9F4 /* AppDelegate.h */ = {isa = PBXFileReference; lastKnownFileType = sourcecode.c.h; path = AppDelegate.h; sourceTree = "<group>"; };
		3ECBE72B1E78CF160065E9F4 /* AppDelegate.m */ = {isa = PBXFileReference; lastKnownFileType = sourcecode.c.objc; path = AppDelegate.m; sourceTree = "<group>"; };
		3ECBE72D1E78CF160065E9F4 /* ViewController.h */ = {isa = PBXFileReference; lastKnownFileType = sourcecode.c.h; path = ViewController.h; sourceTree = "<group>"; };
		3ECBE72E1E78CF160065E9F4 /* ViewController.m */ = {isa = PBXFileReference; lastKnownFileType = sourcecode.c.objc; path = ViewController.m; sourceTree = "<group>"; };
		3ECBE7311E78CF160065E9F4 /* Base */ = {isa = PBXFileReference; lastKnownFileType = file.storyboard; name = Base; path = Base.lproj/Main.storyboard; sourceTree = "<group>"; };
		3ECBE7331E78CF160065E9F4 /* Assets.xcassets */ = {isa = PBXFileReference; lastKnownFileType = folder.assetcatalog; path = Assets.xcassets; sourceTree = "<group>"; };
		3ECBE7361E78CF160065E9F4 /* Base */ = {isa = PBXFileReference; lastKnownFileType = file.storyboard; name = Base; path = Base.lproj/LaunchScreen.storyboard; sourceTree = "<group>"; };
		3ECBE7381E78CF160065E9F4 /* Info.plist */ = {isa = PBXFileReference; lastKnownFileType = text.plist.xml; path = Info.plist; sourceTree = "<group>"; };
		3ECBE73D1E78CF160065E9F4 /* DetailViewTests.xctest */ = {isa = PBXFileReference; explicitFileType = wrapper.cfbundle; includeInIndex = 0; path = DetailViewTests.xctest; sourceTree = BUILT_PRODUCTS_DIR; };
		3ECBE7411E78CF160065E9F4 /* DetailViewTests.m */ = {isa = PBXFileReference; lastKnownFileType = sourcecode.c.objc; path = DetailViewTests.m; sourceTree = "<group>"; };
		3ECBE7431E78CF160065E9F4 /* Info.plist */ = {isa = PBXFileReference; lastKnownFileType = text.plist.xml; path = Info.plist; sourceTree = "<group>"; };
		3ECBE7481E78CF160065E9F4 /* DetailViewUITests.xctest */ = {isa = PBXFileReference; explicitFileType = wrapper.cfbundle; includeInIndex = 0; path = DetailViewUITests.xctest; sourceTree = BUILT_PRODUCTS_DIR; };
		3ECBE74C1E78CF160065E9F4 /* DetailViewUITests.m */ = {isa = PBXFileReference; lastKnownFileType = sourcecode.c.objc; path = DetailViewUITests.m; sourceTree = "<group>"; };
		3ECBE74E1E78CF160065E9F4 /* Info.plist */ = {isa = PBXFileReference; lastKnownFileType = text.plist.xml; path = Info.plist; sourceTree = "<group>"; };
		3EDEF8AC1E795B070023E600 /* PictureView.h */ = {isa = PBXFileReference; fileEncoding = 4; lastKnownFileType = sourcecode.c.h; path = PictureView.h; sourceTree = "<group>"; };
		3EDEF8AD1E795B070023E600 /* PictureView.m */ = {isa = PBXFileReference; fileEncoding = 4; lastKnownFileType = sourcecode.c.objc; path = PictureView.m; sourceTree = "<group>"; };
		3EDEF8AF1E7960780023E600 /* PhotosView.h */ = {isa = PBXFileReference; fileEncoding = 4; lastKnownFileType = sourcecode.c.h; path = PhotosView.h; sourceTree = "<group>"; };
		3EDEF8B01E7960780023E600 /* PhotosView.m */ = {isa = PBXFileReference; fileEncoding = 4; lastKnownFileType = sourcecode.c.objc; path = PhotosView.m; sourceTree = "<group>"; };
		3EDEF8C01E7A71610023E600 /* Photos.framework */ = {isa = PBXFileReference; lastKnownFileType = wrapper.framework; name = Photos.framework; path = System/Library/Frameworks/Photos.framework; sourceTree = SDKROOT; };
		3EDEF8C51E7A7CD50023E600 /* ZZAlumAnimation.h */ = {isa = PBXFileReference; fileEncoding = 4; lastKnownFileType = sourcecode.c.h; path = ZZAlumAnimation.h; sourceTree = "<group>"; };
		3EDEF8C61E7A7CD50023E600 /* ZZAlumAnimation.m */ = {isa = PBXFileReference; fileEncoding = 4; lastKnownFileType = sourcecode.c.objc; path = ZZAlumAnimation.m; sourceTree = "<group>"; };
		3EDEF8C81E7A7CD50023E600 /* back_button_normal.png */ = {isa = PBXFileReference; lastKnownFileType = image.png; path = back_button_normal.png; sourceTree = "<group>"; };
		3EDEF8C91E7A7CD50023E600 /* back_button_normal@2x.png */ = {isa = PBXFileReference; lastKnownFileType = image.png; path = "back_button_normal@2x.png"; sourceTree = "<group>"; };
		3EDEF8CA1E7A7CD50023E600 /* camera_focus_pic.png */ = {isa = PBXFileReference; lastKnownFileType = image.png; path = camera_focus_pic.png; sourceTree = "<group>"; };
		3EDEF8CB1E7A7CD50023E600 /* change_camera_pic.png */ = {isa = PBXFileReference; lastKnownFileType = image.png; path = change_camera_pic.png; sourceTree = "<group>"; };
		3EDEF8CC1E7A7CD50023E600 /* flash_close_pic.png */ = {isa = PBXFileReference; lastKnownFileType = image.png; path = flash_close_pic.png; sourceTree = "<group>"; };
		3EDEF8CD1E7A7CD50023E600 /* flash_open_pic.png */ = {isa = PBXFileReference; lastKnownFileType = image.png; path = flash_open_pic.png; sourceTree = "<group>"; };
		3EDEF8CE1E7A7CD50023E600 /* no_data.png */ = {isa = PBXFileReference; lastKnownFileType = image.png; path = no_data.png; sourceTree = "<group>"; };
		3EDEF8CF1E7A7CD50023E600 /* photo_add.png */ = {isa = PBXFileReference; lastKnownFileType = image.png; path = photo_add.png; sourceTree = "<group>"; };
		3EDEF8D01E7A7CD50023E600 /* remove_btn_pic.png */ = {isa = PBXFileReference; lastKnownFileType = image.png; path = remove_btn_pic.png; sourceTree = "<group>"; };
		3EDEF8D11E7A7CD50023E600 /* select_no.png */ = {isa = PBXFileReference; lastKnownFileType = image.png; path = select_no.png; sourceTree = "<group>"; };
		3EDEF8D21E7A7CD50023E600 /* select_yes.png */ = {isa = PBXFileReference; lastKnownFileType = image.png; path = select_yes.png; sourceTree = "<group>"; };
		3EDEF8D31E7A7CD50023E600 /* take_photo_pic.png */ = {isa = PBXFileReference; lastKnownFileType = image.png; path = take_photo_pic.png; sourceTree = "<group>"; };
		3EDEF8D41E7A7CD50023E600 /* take_photo_pic@2x.png */ = {isa = PBXFileReference; lastKnownFileType = image.png; path = "take_photo_pic@2x.png"; sourceTree = "<group>"; };
		3EDEF8D51E7A7CD50023E600 /* trash_btn_pic.png */ = {isa = PBXFileReference; lastKnownFileType = image.png; path = trash_btn_pic.png; sourceTree = "<group>"; };
		3EDEF8D61E7A7CD50023E600 /* zz_alumb_rightCell.png */ = {isa = PBXFileReference; lastKnownFileType = image.png; path = zz_alumb_rightCell.png; sourceTree = "<group>"; };
		3EDEF8D71E7A7CD50023E600 /* ZZResourceConfig.h */ = {isa = PBXFileReference; fileEncoding = 4; lastKnownFileType = sourcecode.c.h; path = ZZResourceConfig.h; sourceTree = "<group>"; };
		3EDEF8D91E7A7CD50023E600 /* ZZBrowserPickerCell.h */ = {isa = PBXFileReference; fileEncoding = 4; lastKnownFileType = sourcecode.c.h; path = ZZBrowserPickerCell.h; sourceTree = "<group>"; };
		3EDEF8DA1E7A7CD50023E600 /* ZZBrowserPickerCell.m */ = {isa = PBXFileReference; fileEncoding = 4; lastKnownFileType = sourcecode.c.objc; path = ZZBrowserPickerCell.m; sourceTree = "<group>"; };
		3EDEF8DB1E7A7CD50023E600 /* ZZBrowserPickerViewController.h */ = {isa = PBXFileReference; fileEncoding = 4; lastKnownFileType = sourcecode.c.h; path = ZZBrowserPickerViewController.h; sourceTree = "<group>"; };
		3EDEF8DC1E7A7CD50023E600 /* ZZBrowserPickerViewController.m */ = {isa = PBXFileReference; fileEncoding = 4; lastKnownFileType = sourcecode.c.objc; path = ZZBrowserPickerViewController.m; sourceTree = "<group>"; };
		3EDEF8DD1E7A7CD50023E600 /* ZZPageControl.h */ = {isa = PBXFileReference; fileEncoding = 4; lastKnownFileType = sourcecode.c.h; path = ZZPageControl.h; sourceTree = "<group>"; };
		3EDEF8DE1E7A7CD50023E600 /* ZZPageControl.m */ = {isa = PBXFileReference; fileEncoding = 4; lastKnownFileType = sourcecode.c.objc; path = ZZPageControl.m; sourceTree = "<group>"; };
		3EDEF8E11E7A7CD50023E600 /* ZZCameraBrowerViewController.h */ = {isa = PBXFileReference; fileEncoding = 4; lastKnownFileType = sourcecode.c.h; path = ZZCameraBrowerViewController.h; sourceTree = "<group>"; };
		3EDEF8E21E7A7CD50023E600 /* ZZCameraBrowerViewController.m */ = {isa = PBXFileReference; fileEncoding = 4; lastKnownFileType = sourcecode.c.objc; path = ZZCameraBrowerViewController.m; sourceTree = "<group>"; };
		3EDEF8E31E7A7CD50023E600 /* ZZCameraController.h */ = {isa = PBXFileReference; fileEncoding = 4; lastKnownFileType = sourcecode.c.h; path = ZZCameraController.h; sourceTree = "<group>"; };
		3EDEF8E41E7A7CD50023E600 /* ZZCameraController.m */ = {isa = PBXFileReference; fileEncoding = 4; lastKnownFileType = sourcecode.c.objc; path = ZZCameraController.m; sourceTree = "<group>"; };
		3EDEF8E51E7A7CD50023E600 /* ZZCameraPickerViewController.h */ = {isa = PBXFileReference; fileEncoding = 4; lastKnownFileType = sourcecode.c.h; path = ZZCameraPickerViewController.h; sourceTree = "<group>"; };
		3EDEF8E61E7A7CD50023E600 /* ZZCameraPickerViewController.m */ = {isa = PBXFileReference; fileEncoding = 4; lastKnownFileType = sourcecode.c.objc; path = ZZCameraPickerViewController.m; sourceTree = "<group>"; };
		3EDEF8E81E7A7CD50023E600 /* ZZCamera.h */ = {isa = PBXFileReference; fileEncoding = 4; lastKnownFileType = sourcecode.c.h; path = ZZCamera.h; sourceTree = "<group>"; };
		3EDEF8E91E7A7CD50023E600 /* ZZCamera.m */ = {isa = PBXFileReference; fileEncoding = 4; lastKnownFileType = sourcecode.c.objc; path = ZZCamera.m; sourceTree = "<group>"; };
		3EDEF8EB1E7A7CD50023E600 /* ZZCameraBrowerCell.h */ = {isa = PBXFileReference; fileEncoding = 4; lastKnownFileType = sourcecode.c.h; path = ZZCameraBrowerCell.h; sourceTree = "<group>"; };
		3EDEF8EC1E7A7CD50023E600 /* ZZCameraBrowerCell.m */ = {isa = PBXFileReference; fileEncoding = 4; lastKnownFileType = sourcecode.c.objc; path = ZZCameraBrowerCell.m; sourceTree = "<group>"; };
		3EDEF8ED1E7A7CD50023E600 /* ZZCameraFocusView.h */ = {isa = PBXFileReference; fileEncoding = 4; lastKnownFileType = sourcecode.c.h; path = ZZCameraFocusView.h; sourceTree = "<group>"; };
		3EDEF8EE1E7A7CD50023E600 /* ZZCameraFocusView.m */ = {isa = PBXFileReference; fileEncoding = 4; lastKnownFileType = sourcecode.c.objc; path = ZZCameraFocusView.m; sourceTree = "<group>"; };
		3EDEF8EF1E7A7CD50023E600 /* ZZCameraPickerCell.h */ = {isa = PBXFileReference; fileEncoding = 4; lastKnownFileType = sourcecode.c.h; path = ZZCameraPickerCell.h; sourceTree = "<group>"; };
		3EDEF8F01E7A7CD50023E600 /* ZZCameraPickerCell.m */ = {isa = PBXFileReference; fileEncoding = 4; lastKnownFileType = sourcecode.c.objc; path = ZZCameraPickerCell.m; sourceTree = "<group>"; };
		3EDEF8F31E7A7CD50023E600 /* ZZPhotoBrowerViewController.h */ = {isa = PBXFileReference; fileEncoding = 4; lastKnownFileType = sourcecode.c.h; path = ZZPhotoBrowerViewController.h; sourceTree = "<group>"; };
		3EDEF8F41E7A7CD50023E600 /* ZZPhotoBrowerViewController.m */ = {isa = PBXFileReference; fileEncoding = 4; lastKnownFileType = sourcecode.c.objc; path = ZZPhotoBrowerViewController.m; sourceTree = "<group>"; };
		3EDEF8F51E7A7CD50023E600 /* ZZPhotoController.h */ = {isa = PBXFileReference; fileEncoding = 4; lastKnownFileType = sourcecode.c.h; path = ZZPhotoController.h; sourceTree = "<group>"; };
		3EDEF8F61E7A7CD50023E600 /* ZZPhotoController.m */ = {isa = PBXFileReference; fileEncoding = 4; lastKnownFileType = sourcecode.c.objc; path = ZZPhotoController.m; sourceTree = "<group>"; };
		3EDEF8F71E7A7CD50023E600 /* ZZPhotoListViewController.h */ = {isa = PBXFileReference; fileEncoding = 4; lastKnownFileType = sourcecode.c.h; path = ZZPhotoListViewController.h; sourceTree = "<group>"; };
		3EDEF8F81E7A7CD50023E600 /* ZZPhotoListViewController.m */ = {isa = PBXFileReference; fileEncoding = 4; lastKnownFileType = sourcecode.c.objc; path = ZZPhotoListViewController.m; sourceTree = "<group>"; };
		3EDEF8F91E7A7CD50023E600 /* ZZPhotoPickerViewController.h */ = {isa = PBXFileReference; fileEncoding = 4; lastKnownFileType = sourcecode.c.h; path = ZZPhotoPickerViewController.h; sourceTree = "<group>"; };
		3EDEF8FA1E7A7CD50023E600 /* ZZPhotoPickerViewController.m */ = {isa = PBXFileReference; fileEncoding = 4; lastKnownFileType = sourcecode.c.objc; path = ZZPhotoPickerViewController.m; sourceTree = "<group>"; };
		3EDEF8FC1E7A7CD50023E600 /* ZZPhoto.h */ = {isa = PBXFileReference; fileEncoding = 4; lastKnownFileType = sourcecode.c.h; path = ZZPhoto.h; sourceTree = "<group>"; };
		3EDEF8FD1E7A7CD50023E600 /* ZZPhoto.m */ = {isa = PBXFileReference; fileEncoding = 4; lastKnownFileType = sourcecode.c.objc; path = ZZPhoto.m; sourceTree = "<group>"; };
		3EDEF8FE1E7A7CD50023E600 /* ZZPhotoDatas.h */ = {isa = PBXFileReference; fileEncoding = 4; lastKnownFileType = sourcecode.c.h; path = ZZPhotoDatas.h; sourceTree = "<group>"; };
		3EDEF8FF1E7A7CD50023E600 /* ZZPhotoDatas.m */ = {isa = PBXFileReference; fileEncoding = 4; lastKnownFileType = sourcecode.c.objc; path = ZZPhotoDatas.m; sourceTree = "<group>"; };
		3EDEF9001E7A7CD50023E600 /* ZZPhotoListModel.h */ = {isa = PBXFileReference; fileEncoding = 4; lastKnownFileType = sourcecode.c.h; path = ZZPhotoListModel.h; sourceTree = "<group>"; };
		3EDEF9011E7A7CD50023E600 /* ZZPhotoListModel.m */ = {isa = PBXFileReference; fileEncoding = 4; lastKnownFileType = sourcecode.c.objc; path = ZZPhotoListModel.m; sourceTree = "<group>"; };
		3EDEF9031E7A7CD50023E600 /* ZZPhotoAlert.h */ = {isa = PBXFileReference; fileEncoding = 4; lastKnownFileType = sourcecode.c.h; path = ZZPhotoAlert.h; sourceTree = "<group>"; };
		3EDEF9041E7A7CD50023E600 /* ZZPhotoAlert.m */ = {isa = PBXFileReference; fileEncoding = 4; lastKnownFileType = sourcecode.c.objc; path = ZZPhotoAlert.m; sourceTree = "<group>"; };
		3EDEF9051E7A7CD50023E600 /* ZZPhotoBrowerCell.h */ = {isa = PBXFileReference; fileEncoding = 4; lastKnownFileType = sourcecode.c.h; path = ZZPhotoBrowerCell.h; sourceTree = "<group>"; };
		3EDEF9061E7A7CD50023E600 /* ZZPhotoBrowerCell.m */ = {isa = PBXFileReference; fileEncoding = 4; lastKnownFileType = sourcecode.c.objc; path = ZZPhotoBrowerCell.m; sourceTree = "<group>"; };
		3EDEF9071E7A7CD50023E600 /* ZZPhotoHud.h */ = {isa = PBXFileReference; fileEncoding = 4; lastKnownFileType = sourcecode.c.h; path = ZZPhotoHud.h; sourceTree = "<group>"; };
		3EDEF9081E7A7CD50023E600 /* ZZPhotoHud.m */ = {isa = PBXFileReference; fileEncoding = 4; lastKnownFileType = sourcecode.c.objc; path = ZZPhotoHud.m; sourceTree = "<group>"; };
		3EDEF9091E7A7CD50023E600 /* ZZPhotoListCell.h */ = {isa = PBXFileReference; fileEncoding = 4; lastKnownFileType = sourcecode.c.h; path = ZZPhotoListCell.h; sourceTree = "<group>"; };
		3EDEF90A1E7A7CD50023E600 /* ZZPhotoListCell.m */ = {isa = PBXFileReference; fileEncoding = 4; lastKnownFileType = sourcecode.c.objc; path = ZZPhotoListCell.m; sourceTree = "<group>"; };
		3EDEF90B1E7A7CD50023E600 /* ZZPhotoPickerCell.h */ = {isa = PBXFileReference; fileEncoding = 4; lastKnownFileType = sourcecode.c.h; path = ZZPhotoPickerCell.h; sourceTree = "<group>"; };
		3EDEF90C1E7A7CD50023E600 /* ZZPhotoPickerCell.m */ = {isa = PBXFileReference; fileEncoding = 4; lastKnownFileType = sourcecode.c.objc; path = ZZPhotoPickerCell.m; sourceTree = "<group>"; };
		3EDEF90D1E7A7CD50023E600 /* ZZPhotoPickerFooterView.h */ = {isa = PBXFileReference; fileEncoding = 4; lastKnownFileType = sourcecode.c.h; path = ZZPhotoPickerFooterView.h; sourceTree = "<group>"; };
		3EDEF90E1E7A7CD50023E600 /* ZZPhotoPickerFooterView.m */ = {isa = PBXFileReference; fileEncoding = 4; lastKnownFileType = sourcecode.c.objc; path = ZZPhotoPickerFooterView.m; sourceTree = "<group>"; };
		3EDEF90F1E7A7CD50023E600 /* ZZPhotoKit.h */ = {isa = PBXFileReference; fileEncoding = 4; lastKnownFileType = sourcecode.c.h; path = ZZPhotoKit.h; sourceTree = "<group>"; };
		3EDEF9381E7A81040023E600 /* MKAnnotationView+WebCache.h */ = {isa = PBXFileReference; fileEncoding = 4; lastKnownFileType = sourcecode.c.h; path = "MKAnnotationView+WebCache.h"; sourceTree = "<group>"; };
		3EDEF9391E7A81040023E600 /* MKAnnotationView+WebCache.m */ = {isa = PBXFileReference; fileEncoding = 4; lastKnownFileType = sourcecode.c.objc; path = "MKAnnotationView+WebCache.m"; sourceTree = "<group>"; };
		3EDEF93A1E7A81040023E600 /* NSData+ImageContentType.h */ = {isa = PBXFileReference; fileEncoding = 4; lastKnownFileType = sourcecode.c.h; path = "NSData+ImageContentType.h"; sourceTree = "<group>"; };
		3EDEF93B1E7A81040023E600 /* NSData+ImageContentType.m */ = {isa = PBXFileReference; fileEncoding = 4; lastKnownFileType = sourcecode.c.objc; path = "NSData+ImageContentType.m"; sourceTree = "<group>"; };
		3EDEF93C1E7A81040023E600 /* SDImageCache.h */ = {isa = PBXFileReference; fileEncoding = 4; lastKnownFileType = sourcecode.c.h; path = SDImageCache.h; sourceTree = "<group>"; };
		3EDEF93D1E7A81040023E600 /* SDImageCache.m */ = {isa = PBXFileReference; fileEncoding = 4; lastKnownFileType = sourcecode.c.objc; path = SDImageCache.m; sourceTree = "<group>"; };
		3EDEF93E1E7A81040023E600 /* SDWebImageCompat.h */ = {isa = PBXFileReference; fileEncoding = 4; lastKnownFileType = sourcecode.c.h; path = SDWebImageCompat.h; sourceTree = "<group>"; };
		3EDEF93F1E7A81040023E600 /* SDWebImageCompat.m */ = {isa = PBXFileReference; fileEncoding = 4; lastKnownFileType = sourcecode.c.objc; path = SDWebImageCompat.m; sourceTree = "<group>"; };
		3EDEF9401E7A81040023E600 /* SDWebImageDecoder.h */ = {isa = PBXFileReference; fileEncoding = 4; lastKnownFileType = sourcecode.c.h; path = SDWebImageDecoder.h; sourceTree = "<group>"; };
		3EDEF9411E7A81040023E600 /* SDWebImageDecoder.m */ = {isa = PBXFileReference; fileEncoding = 4; lastKnownFileType = sourcecode.c.objc; path = SDWebImageDecoder.m; sourceTree = "<group>"; };
		3EDEF9421E7A81040023E600 /* SDWebImageDownloader.h */ = {isa = PBXFileReference; fileEncoding = 4; lastKnownFileType = sourcecode.c.h; path = SDWebImageDownloader.h; sourceTree = "<group>"; };
		3EDEF9431E7A81040023E600 /* SDWebImageDownloader.m */ = {isa = PBXFileReference; fileEncoding = 4; lastKnownFileType = sourcecode.c.objc; path = SDWebImageDownloader.m; sourceTree = "<group>"; };
		3EDEF9441E7A81040023E600 /* SDWebImageDownloaderOperation.h */ = {isa = PBXFileReference; fileEncoding = 4; lastKnownFileType = sourcecode.c.h; path = SDWebImageDownloaderOperation.h; sourceTree = "<group>"; };
		3EDEF9451E7A81040023E600 /* SDWebImageDownloaderOperation.m */ = {isa = PBXFileReference; fileEncoding = 4; lastKnownFileType = sourcecode.c.objc; path = SDWebImageDownloaderOperation.m; sourceTree = "<group>"; };
		3EDEF9461E7A81040023E600 /* SDWebImageManager.h */ = {isa = PBXFileReference; fileEncoding = 4; lastKnownFileType = sourcecode.c.h; path = SDWebImageManager.h; sourceTree = "<group>"; };
		3EDEF9471E7A81040023E600 /* SDWebImageManager.m */ = {isa = PBXFileReference; fileEncoding = 4; lastKnownFileType = sourcecode.c.objc; path = SDWebImageManager.m; sourceTree = "<group>"; };
		3EDEF9481E7A81040023E600 /* SDWebImageOperation.h */ = {isa = PBXFileReference; fileEncoding = 4; lastKnownFileType = sourcecode.c.h; path = SDWebImageOperation.h; sourceTree = "<group>"; };
		3EDEF9491E7A81040023E600 /* SDWebImagePrefetcher.h */ = {isa = PBXFileReference; fileEncoding = 4; lastKnownFileType = sourcecode.c.h; path = SDWebImagePrefetcher.h; sourceTree = "<group>"; };
		3EDEF94A1E7A81040023E600 /* SDWebImagePrefetcher.m */ = {isa = PBXFileReference; fileEncoding = 4; lastKnownFileType = sourcecode.c.objc; path = SDWebImagePrefetcher.m; sourceTree = "<group>"; };
		3EDEF94B1E7A81040023E600 /* UIButton+WebCache.h */ = {isa = PBXFileReference; fileEncoding = 4; lastKnownFileType = sourcecode.c.h; path = "UIButton+WebCache.h"; sourceTree = "<group>"; };
		3EDEF94C1E7A81040023E600 /* UIButton+WebCache.m */ = {isa = PBXFileReference; fileEncoding = 4; lastKnownFileType = sourcecode.c.objc; path = "UIButton+WebCache.m"; sourceTree = "<group>"; };
		3EDEF94D1E7A81040023E600 /* UIImage+GIF.h */ = {isa = PBXFileReference; fileEncoding = 4; lastKnownFileType = sourcecode.c.h; path = "UIImage+GIF.h"; sourceTree = "<group>"; };
		3EDEF94E1E7A81040023E600 /* UIImage+GIF.m */ = {isa = PBXFileReference; fileEncoding = 4; lastKnownFileType = sourcecode.c.objc; path = "UIImage+GIF.m"; sourceTree = "<group>"; };
		3EDEF94F1E7A81040023E600 /* UIImage+MultiFormat.h */ = {isa = PBXFileReference; fileEncoding = 4; lastKnownFileType = sourcecode.c.h; path = "UIImage+MultiFormat.h"; sourceTree = "<group>"; };
		3EDEF9501E7A81040023E600 /* UIImage+MultiFormat.m */ = {isa = PBXFileReference; fileEncoding = 4; lastKnownFileType = sourcecode.c.objc; path = "UIImage+MultiFormat.m"; sourceTree = "<group>"; };
		3EDEF9511E7A81040023E600 /* UIImage+WebP.h */ = {isa = PBXFileReference; fileEncoding = 4; lastKnownFileType = sourcecode.c.h; path = "UIImage+WebP.h"; sourceTree = "<group>"; };
		3EDEF9521E7A81040023E600 /* UIImage+WebP.m */ = {isa = PBXFileReference; fileEncoding = 4; lastKnownFileType = sourcecode.c.objc; path = "UIImage+WebP.m"; sourceTree = "<group>"; };
		3EDEF9531E7A81040023E600 /* UIImageView+HighlightedWebCache.h */ = {isa = PBXFileReference; fileEncoding = 4; lastKnownFileType = sourcecode.c.h; path = "UIImageView+HighlightedWebCache.h"; sourceTree = "<group>"; };
		3EDEF9541E7A81040023E600 /* UIImageView+HighlightedWebCache.m */ = {isa = PBXFileReference; fileEncoding = 4; lastKnownFileType = sourcecode.c.objc; path = "UIImageView+HighlightedWebCache.m"; sourceTree = "<group>"; };
		3EDEF9551E7A81040023E600 /* UIImageView+WebCache.h */ = {isa = PBXFileReference; fileEncoding = 4; lastKnownFileType = sourcecode.c.h; path = "UIImageView+WebCache.h"; sourceTree = "<group>"; };
		3EDEF9561E7A81040023E600 /* UIImageView+WebCache.m */ = {isa = PBXFileReference; fileEncoding = 4; lastKnownFileType = sourcecode.c.objc; path = "UIImageView+WebCache.m"; sourceTree = "<group>"; };
		3EDEF9571E7A81040023E600 /* UIView+WebCacheOperation.h */ = {isa = PBXFileReference; fileEncoding = 4; lastKnownFileType = sourcecode.c.h; path = "UIView+WebCacheOperation.h"; sourceTree = "<group>"; };
		3EDEF9581E7A81040023E600 /* UIView+WebCacheOperation.m */ = {isa = PBXFileReference; fileEncoding = 4; lastKnownFileType = sourcecode.c.objc; path = "UIView+WebCacheOperation.m"; sourceTree = "<group>"; };
		511CE8646282927E9D9D1FAD /* Pods-DetailView.release.xcconfig */ = {isa = PBXFileReference; includeInIndex = 1; lastKnownFileType = text.xcconfig; name = "Pods-DetailView.release.xcconfig"; path = "Pods/Target Support Files/Pods-DetailView/Pods-DetailView.release.xcconfig"; sourceTree = "<group>"; };
		96C2F2FE7706C2686A1604D9 /* Pods-DetailView.debug.xcconfig */ = {isa = PBXFileReference; includeInIndex = 1; lastKnownFileType = text.xcconfig; name = "Pods-DetailView.debug.xcconfig"; path = "Pods/Target Support Files/Pods-DetailView/Pods-DetailView.debug.xcconfig"; sourceTree = "<group>"; };
		C77B933C0CE49682758B17CB /* libPods-DetailView.a */ = {isa = PBXFileReference; explicitFileType = archive.ar; includeInIndex = 0; path = "libPods-DetailView.a"; sourceTree = BUILT_PRODUCTS_DIR; };
/* End PBXFileReference section */

/* Begin PBXFrameworksBuildPhase section */
		3ECBE7211E78CF160065E9F4 /* Frameworks */ = {
			isa = PBXFrameworksBuildPhase;
			buildActionMask = 2147483647;
			files = (
				3EDEF8C11E7A71610023E600 /* Photos.framework in Frameworks */,
				5E88E4569333D6C6B7B3FC26 /* libPods-DetailView.a in Frameworks */,
			);
			runOnlyForDeploymentPostprocessing = 0;
		};
		3ECBE73A1E78CF160065E9F4 /* Frameworks */ = {
			isa = PBXFrameworksBuildPhase;
			buildActionMask = 2147483647;
			files = (
			);
			runOnlyForDeploymentPostprocessing = 0;
		};
		3ECBE7451E78CF160065E9F4 /* Frameworks */ = {
			isa = PBXFrameworksBuildPhase;
			buildActionMask = 2147483647;
			files = (
			);
			runOnlyForDeploymentPostprocessing = 0;
		};
/* End PBXFrameworksBuildPhase section */

/* Begin PBXGroup section */
		3E41BEFC1E793A4F00D5CDC0 /* DetailView */ = {
			isa = PBXGroup;
			children = (
				3E41BEFD1E793A4F00D5CDC0 /* HDetailView.h */,
				3E41BEFE1E793A4F00D5CDC0 /* HDetailView.m */,
				3E41BEFF1E793A4F00D5CDC0 /* model */,
				3E41BF021E793A4F00D5CDC0 /* view */,
			);
			path = DetailView;
			sourceTree = "<group>";
		};
		3E41BEFF1E793A4F00D5CDC0 /* model */ = {
			isa = PBXGroup;
			children = (
				3E41BF001E793A4F00D5CDC0 /* ItemDetailModel.h */,
				3E41BF011E793A4F00D5CDC0 /* ItemDetailModel.m */,
			);
			path = model;
			sourceTree = "<group>";
		};
		3E41BF021E793A4F00D5CDC0 /* view */ = {
			isa = PBXGroup;
			children = (
				3E41BF031E793A4F00D5CDC0 /* ItemDetailView.h */,
				3E41BF041E793A4F00D5CDC0 /* ItemDetailView.m */,
			);
			path = view;
			sourceTree = "<group>";
		};
		3E41BF0C1E7944EC00D5CDC0 /* PictureView */ = {
			isa = PBXGroup;
			children = (
				3EDEF8AC1E795B070023E600 /* PictureView.h */,
				3EDEF8AD1E795B070023E600 /* PictureView.m */,
				3EDEF8AF1E7960780023E600 /* PhotosView.h */,
				3EDEF8B01E7960780023E600 /* PhotosView.m */,
			);
			path = PictureView;
			sourceTree = "<group>";
		};
		3ECBE71B1E78CF160065E9F4 = {
			isa = PBXGroup;
			children = (
				3ECBE7261E78CF160065E9F4 /* DetailView */,
				3ECBE7401E78CF160065E9F4 /* DetailViewTests */,
				3ECBE74B1E78CF160065E9F4 /* DetailViewUITests */,
				3ECBE7251E78CF160065E9F4 /* Products */,
				D36620C168D1DAFDA78EF175 /* Pods */,
				3F5BB8F64FC1ABF4465C8DEE /* Frameworks */,
			);
			sourceTree = "<group>";
		};
		3ECBE7251E78CF160065E9F4 /* Products */ = {
			isa = PBXGroup;
			children = (
				3ECBE7241E78CF160065E9F4 /* DetailView.app */,
				3ECBE73D1E78CF160065E9F4 /* DetailViewTests.xctest */,
				3ECBE7481E78CF160065E9F4 /* DetailViewUITests.xctest */,
			);
			name = Products;
			sourceTree = "<group>";
		};
		3ECBE7261E78CF160065E9F4 /* DetailView */ = {
			isa = PBXGroup;
			children = (
				3EDEF9371E7A81040023E600 /* SDWebImage */,
				3EDEF8C21E7A7CD50023E600 /* ZZPhotoKit */,
				3E41BF0C1E7944EC00D5CDC0 /* PictureView */,
				3E41BEFC1E793A4F00D5CDC0 /* DetailView */,
				3ECBE72A1E78CF160065E9F4 /* AppDelegate.h */,
				3ECBE72B1E78CF160065E9F4 /* AppDelegate.m */,
				3ECBE72D1E78CF160065E9F4 /* ViewController.h */,
				3ECBE72E1E78CF160065E9F4 /* ViewController.m */,
				3E41BF081E79426900D5CDC0 /* PictureViewController.h */,
				3E41BF091E79426900D5CDC0 /* PictureViewController.m */,
				3ECBE7301E78CF160065E9F4 /* Main.storyboard */,
				3ECBE7331E78CF160065E9F4 /* Assets.xcassets */,
				3ECBE7351E78CF160065E9F4 /* LaunchScreen.storyboard */,
				3ECBE7381E78CF160065E9F4 /* Info.plist */,
				3ECBE7271E78CF160065E9F4 /* Supporting Files */,
				3E41BF0B1E7942C500D5CDC0 /* PrefixHeader.pch */,
			);
			path = DetailView;
			sourceTree = "<group>";
		};
		3ECBE7271E78CF160065E9F4 /* Supporting Files */ = {
			isa = PBXGroup;
			children = (
				3ECBE7281E78CF160065E9F4 /* main.m */,
			);
			name = "Supporting Files";
			sourceTree = "<group>";
		};
		3ECBE7401E78CF160065E9F4 /* DetailViewTests */ = {
			isa = PBXGroup;
			children = (
				3ECBE7411E78CF160065E9F4 /* DetailViewTests.m */,
				3ECBE7431E78CF160065E9F4 /* Info.plist */,
			);
			path = DetailViewTests;
			sourceTree = "<group>";
		};
		3ECBE74B1E78CF160065E9F4 /* DetailViewUITests */ = {
			isa = PBXGroup;
			children = (
				3ECBE74C1E78CF160065E9F4 /* DetailViewUITests.m */,
				3ECBE74E1E78CF160065E9F4 /* Info.plist */,
			);
			path = DetailViewUITests;
			sourceTree = "<group>";
		};
		3EDEF8C21E7A7CD50023E600 /* ZZPhotoKit */ = {
			isa = PBXGroup;
			children = (
				3EDEF8C31E7A7CD50023E600 /* Public */,
				3EDEF8D81E7A7CD50023E600 /* ZZBrowser */,
				3EDEF8DF1E7A7CD50023E600 /* ZZCamera */,
				3EDEF8F11E7A7CD50023E600 /* ZZPhoto */,
				3EDEF90F1E7A7CD50023E600 /* ZZPhotoKit.h */,
			);
			path = ZZPhotoKit;
			sourceTree = "<group>";
		};
		3EDEF8C31E7A7CD50023E600 /* Public */ = {
			isa = PBXGroup;
			children = (
				3EDEF8C41E7A7CD50023E600 /* Other */,
				3EDEF8C71E7A7CD50023E600 /* Resources */,
				3EDEF8D71E7A7CD50023E600 /* ZZResourceConfig.h */,
			);
			path = Public;
			sourceTree = "<group>";
		};
		3EDEF8C41E7A7CD50023E600 /* Other */ = {
			isa = PBXGroup;
			children = (
				3EDEF8C51E7A7CD50023E600 /* ZZAlumAnimation.h */,
				3EDEF8C61E7A7CD50023E600 /* ZZAlumAnimation.m */,
			);
			path = Other;
			sourceTree = "<group>";
		};
		3EDEF8C71E7A7CD50023E600 /* Resources */ = {
			isa = PBXGroup;
			children = (
				3EDEF8C81E7A7CD50023E600 /* back_button_normal.png */,
				3EDEF8C91E7A7CD50023E600 /* back_button_normal@2x.png */,
				3EDEF8CA1E7A7CD50023E600 /* camera_focus_pic.png */,
				3EDEF8CB1E7A7CD50023E600 /* change_camera_pic.png */,
				3EDEF8CC1E7A7CD50023E600 /* flash_close_pic.png */,
				3EDEF8CD1E7A7CD50023E600 /* flash_open_pic.png */,
				3EDEF8CE1E7A7CD50023E600 /* no_data.png */,
				3EDEF8CF1E7A7CD50023E600 /* photo_add.png */,
				3EDEF8D01E7A7CD50023E600 /* remove_btn_pic.png */,
				3EDEF8D11E7A7CD50023E600 /* select_no.png */,
				3EDEF8D21E7A7CD50023E600 /* select_yes.png */,
				3EDEF8D31E7A7CD50023E600 /* take_photo_pic.png */,
				3EDEF8D41E7A7CD50023E600 /* take_photo_pic@2x.png */,
				3EDEF8D51E7A7CD50023E600 /* trash_btn_pic.png */,
				3EDEF8D61E7A7CD50023E600 /* zz_alumb_rightCell.png */,
			);
			path = Resources;
			sourceTree = "<group>";
		};
		3EDEF8D81E7A7CD50023E600 /* ZZBrowser */ = {
			isa = PBXGroup;
			children = (
				3EDEF8D91E7A7CD50023E600 /* ZZBrowserPickerCell.h */,
				3EDEF8DA1E7A7CD50023E600 /* ZZBrowserPickerCell.m */,
				3EDEF8DB1E7A7CD50023E600 /* ZZBrowserPickerViewController.h */,
				3EDEF8DC1E7A7CD50023E600 /* ZZBrowserPickerViewController.m */,
				3EDEF8DD1E7A7CD50023E600 /* ZZPageControl.h */,
				3EDEF8DE1E7A7CD50023E600 /* ZZPageControl.m */,
			);
			path = ZZBrowser;
			sourceTree = "<group>";
		};
		3EDEF8DF1E7A7CD50023E600 /* ZZCamera */ = {
			isa = PBXGroup;
			children = (
				3EDEF8E01E7A7CD50023E600 /* Controller */,
				3EDEF8E71E7A7CD50023E600 /* Model */,
				3EDEF8EA1E7A7CD50023E600 /* View */,
			);
			path = ZZCamera;
			sourceTree = "<group>";
		};
		3EDEF8E01E7A7CD50023E600 /* Controller */ = {
			isa = PBXGroup;
			children = (
				3EDEF8E11E7A7CD50023E600 /* ZZCameraBrowerViewController.h */,
				3EDEF8E21E7A7CD50023E600 /* ZZCameraBrowerViewController.m */,
				3EDEF8E31E7A7CD50023E600 /* ZZCameraController.h */,
				3EDEF8E41E7A7CD50023E600 /* ZZCameraController.m */,
				3EDEF8E51E7A7CD50023E600 /* ZZCameraPickerViewController.h */,
				3EDEF8E61E7A7CD50023E600 /* ZZCameraPickerViewController.m */,
			);
			path = Controller;
			sourceTree = "<group>";
		};
		3EDEF8E71E7A7CD50023E600 /* Model */ = {
			isa = PBXGroup;
			children = (
				3EDEF8E81E7A7CD50023E600 /* ZZCamera.h */,
				3EDEF8E91E7A7CD50023E600 /* ZZCamera.m */,
			);
			path = Model;
			sourceTree = "<group>";
		};
		3EDEF8EA1E7A7CD50023E600 /* View */ = {
			isa = PBXGroup;
			children = (
				3EDEF8EB1E7A7CD50023E600 /* ZZCameraBrowerCell.h */,
				3EDEF8EC1E7A7CD50023E600 /* ZZCameraBrowerCell.m */,
				3EDEF8ED1E7A7CD50023E600 /* ZZCameraFocusView.h */,
				3EDEF8EE1E7A7CD50023E600 /* ZZCameraFocusView.m */,
				3EDEF8EF1E7A7CD50023E600 /* ZZCameraPickerCell.h */,
				3EDEF8F01E7A7CD50023E600 /* ZZCameraPickerCell.m */,
			);
			path = View;
			sourceTree = "<group>";
		};
		3EDEF8F11E7A7CD50023E600 /* ZZPhoto */ = {
			isa = PBXGroup;
			children = (
				3EDEF8F21E7A7CD50023E600 /* Controller */,
				3EDEF8FB1E7A7CD50023E600 /* Model */,
				3EDEF9021E7A7CD50023E600 /* View */,
			);
			path = ZZPhoto;
			sourceTree = "<group>";
		};
		3EDEF8F21E7A7CD50023E600 /* Controller */ = {
			isa = PBXGroup;
			children = (
				3EDEF8F31E7A7CD50023E600 /* ZZPhotoBrowerViewController.h */,
				3EDEF8F41E7A7CD50023E600 /* ZZPhotoBrowerViewController.m */,
				3EDEF8F51E7A7CD50023E600 /* ZZPhotoController.h */,
				3EDEF8F61E7A7CD50023E600 /* ZZPhotoController.m */,
				3EDEF8F71E7A7CD50023E600 /* ZZPhotoListViewController.h */,
				3EDEF8F81E7A7CD50023E600 /* ZZPhotoListViewController.m */,
				3EDEF8F91E7A7CD50023E600 /* ZZPhotoPickerViewController.h */,
				3EDEF8FA1E7A7CD50023E600 /* ZZPhotoPickerViewController.m */,
			);
			path = Controller;
			sourceTree = "<group>";
		};
		3EDEF8FB1E7A7CD50023E600 /* Model */ = {
			isa = PBXGroup;
			children = (
				3EDEF8FC1E7A7CD50023E600 /* ZZPhoto.h */,
				3EDEF8FD1E7A7CD50023E600 /* ZZPhoto.m */,
				3EDEF8FE1E7A7CD50023E600 /* ZZPhotoDatas.h */,
				3EDEF8FF1E7A7CD50023E600 /* ZZPhotoDatas.m */,
				3EDEF9001E7A7CD50023E600 /* ZZPhotoListModel.h */,
				3EDEF9011E7A7CD50023E600 /* ZZPhotoListModel.m */,
			);
			path = Model;
			sourceTree = "<group>";
		};
		3EDEF9021E7A7CD50023E600 /* View */ = {
			isa = PBXGroup;
			children = (
				3EDEF9031E7A7CD50023E600 /* ZZPhotoAlert.h */,
				3EDEF9041E7A7CD50023E600 /* ZZPhotoAlert.m */,
				3EDEF9051E7A7CD50023E600 /* ZZPhotoBrowerCell.h */,
				3EDEF9061E7A7CD50023E600 /* ZZPhotoBrowerCell.m */,
				3EDEF9071E7A7CD50023E600 /* ZZPhotoHud.h */,
				3EDEF9081E7A7CD50023E600 /* ZZPhotoHud.m */,
				3EDEF9091E7A7CD50023E600 /* ZZPhotoListCell.h */,
				3EDEF90A1E7A7CD50023E600 /* ZZPhotoListCell.m */,
				3EDEF90B1E7A7CD50023E600 /* ZZPhotoPickerCell.h */,
				3EDEF90C1E7A7CD50023E600 /* ZZPhotoPickerCell.m */,
				3EDEF90D1E7A7CD50023E600 /* ZZPhotoPickerFooterView.h */,
				3EDEF90E1E7A7CD50023E600 /* ZZPhotoPickerFooterView.m */,
			);
			path = View;
			sourceTree = "<group>";
		};
		3EDEF9371E7A81040023E600 /* SDWebImage */ = {
			isa = PBXGroup;
			children = (
				3EDEF9381E7A81040023E600 /* MKAnnotationView+WebCache.h */,
				3EDEF9391E7A81040023E600 /* MKAnnotationView+WebCache.m */,
				3EDEF93A1E7A81040023E600 /* NSData+ImageContentType.h */,
				3EDEF93B1E7A81040023E600 /* NSData+ImageContentType.m */,
				3EDEF93C1E7A81040023E600 /* SDImageCache.h */,
				3EDEF93D1E7A81040023E600 /* SDImageCache.m */,
				3EDEF93E1E7A81040023E600 /* SDWebImageCompat.h */,
				3EDEF93F1E7A81040023E600 /* SDWebImageCompat.m */,
				3EDEF9401E7A81040023E600 /* SDWebImageDecoder.h */,
				3EDEF9411E7A81040023E600 /* SDWebImageDecoder.m */,
				3EDEF9421E7A81040023E600 /* SDWebImageDownloader.h */,
				3EDEF9431E7A81040023E600 /* SDWebImageDownloader.m */,
				3EDEF9441E7A81040023E600 /* SDWebImageDownloaderOperation.h */,
				3EDEF9451E7A81040023E600 /* SDWebImageDownloaderOperation.m */,
				3EDEF9461E7A81040023E600 /* SDWebImageManager.h */,
				3EDEF9471E7A81040023E600 /* SDWebImageManager.m */,
				3EDEF9481E7A81040023E600 /* SDWebImageOperation.h */,
				3EDEF9491E7A81040023E600 /* SDWebImagePrefetcher.h */,
				3EDEF94A1E7A81040023E600 /* SDWebImagePrefetcher.m */,
				3EDEF94B1E7A81040023E600 /* UIButton+WebCache.h */,
				3EDEF94C1E7A81040023E600 /* UIButton+WebCache.m */,
				3EDEF94D1E7A81040023E600 /* UIImage+GIF.h */,
				3EDEF94E1E7A81040023E600 /* UIImage+GIF.m */,
				3EDEF94F1E7A81040023E600 /* UIImage+MultiFormat.h */,
				3EDEF9501E7A81040023E600 /* UIImage+MultiFormat.m */,
				3EDEF9511E7A81040023E600 /* UIImage+WebP.h */,
				3EDEF9521E7A81040023E600 /* UIImage+WebP.m */,
				3EDEF9531E7A81040023E600 /* UIImageView+HighlightedWebCache.h */,
				3EDEF9541E7A81040023E600 /* UIImageView+HighlightedWebCache.m */,
				3EDEF9551E7A81040023E600 /* UIImageView+WebCache.h */,
				3EDEF9561E7A81040023E600 /* UIImageView+WebCache.m */,
				3EDEF9571E7A81040023E600 /* UIView+WebCacheOperation.h */,
				3EDEF9581E7A81040023E600 /* UIView+WebCacheOperation.m */,
			);
			path = SDWebImage;
			sourceTree = "<group>";
		};
		3F5BB8F64FC1ABF4465C8DEE /* Frameworks */ = {
			isa = PBXGroup;
			children = (
				3EDEF8C01E7A71610023E600 /* Photos.framework */,
				C77B933C0CE49682758B17CB /* libPods-DetailView.a */,
			);
			name = Frameworks;
			sourceTree = "<group>";
		};
		D36620C168D1DAFDA78EF175 /* Pods */ = {
			isa = PBXGroup;
			children = (
				96C2F2FE7706C2686A1604D9 /* Pods-DetailView.debug.xcconfig */,
				511CE8646282927E9D9D1FAD /* Pods-DetailView.release.xcconfig */,
			);
			name = Pods;
			sourceTree = "<group>";
		};
/* End PBXGroup section */

/* Begin PBXNativeTarget section */
		3ECBE7231E78CF160065E9F4 /* DetailView */ = {
			isa = PBXNativeTarget;
			buildConfigurationList = 3ECBE7511E78CF160065E9F4 /* Build configuration list for PBXNativeTarget "DetailView" */;
			buildPhases = (
				BDD7CFFB170AED5ADB31991A /* [CP] Check Pods Manifest.lock */,
				3ECBE7201E78CF160065E9F4 /* Sources */,
				3ECBE7211E78CF160065E9F4 /* Frameworks */,
				3ECBE7221E78CF160065E9F4 /* Resources */,
				646FE43001DD3C289F0F27F3 /* [CP] Embed Pods Frameworks */,
				CC6729DB2365DB0CC5DD05EA /* [CP] Copy Pods Resources */,
			);
			buildRules = (
			);
			dependencies = (
			);
			name = DetailView;
			productName = DetailView;
			productReference = 3ECBE7241E78CF160065E9F4 /* DetailView.app */;
			productType = "com.apple.product-type.application";
		};
		3ECBE73C1E78CF160065E9F4 /* DetailViewTests */ = {
			isa = PBXNativeTarget;
			buildConfigurationList = 3ECBE7541E78CF160065E9F4 /* Build configuration list for PBXNativeTarget "DetailViewTests" */;
			buildPhases = (
				3ECBE7391E78CF160065E9F4 /* Sources */,
				3ECBE73A1E78CF160065E9F4 /* Frameworks */,
				3ECBE73B1E78CF160065E9F4 /* Resources */,
			);
			buildRules = (
			);
			dependencies = (
				3ECBE73F1E78CF160065E9F4 /* PBXTargetDependency */,
			);
			name = DetailViewTests;
			productName = DetailViewTests;
			productReference = 3ECBE73D1E78CF160065E9F4 /* DetailViewTests.xctest */;
			productType = "com.apple.product-type.bundle.unit-test";
		};
		3ECBE7471E78CF160065E9F4 /* DetailViewUITests */ = {
			isa = PBXNativeTarget;
			buildConfigurationList = 3ECBE7571E78CF160065E9F4 /* Build configuration list for PBXNativeTarget "DetailViewUITests" */;
			buildPhases = (
				3ECBE7441E78CF160065E9F4 /* Sources */,
				3ECBE7451E78CF160065E9F4 /* Frameworks */,
				3ECBE7461E78CF160065E9F4 /* Resources */,
			);
			buildRules = (
			);
			dependencies = (
				3ECBE74A1E78CF160065E9F4 /* PBXTargetDependency */,
			);
			name = DetailViewUITests;
			productName = DetailViewUITests;
			productReference = 3ECBE7481E78CF160065E9F4 /* DetailViewUITests.xctest */;
			productType = "com.apple.product-type.bundle.ui-testing";
		};
/* End PBXNativeTarget section */

/* Begin PBXProject section */
		3ECBE71C1E78CF160065E9F4 /* Project object */ = {
			isa = PBXProject;
			attributes = {
				LastUpgradeCheck = 0820;
				ORGANIZATIONNAME = hundred;
				TargetAttributes = {
					3ECBE7231E78CF160065E9F4 = {
						CreatedOnToolsVersion = 8.2.1;
						DevelopmentTeam = 7K5U4P98VN;
						ProvisioningStyle = Automatic;
					};
					3ECBE73C1E78CF160065E9F4 = {
						CreatedOnToolsVersion = 8.2.1;
						DevelopmentTeam = 7K5U4P98VN;
						ProvisioningStyle = Automatic;
						TestTargetID = 3ECBE7231E78CF160065E9F4;
					};
					3ECBE7471E78CF160065E9F4 = {
						CreatedOnToolsVersion = 8.2.1;
						DevelopmentTeam = 7K5U4P98VN;
						ProvisioningStyle = Automatic;
						TestTargetID = 3ECBE7231E78CF160065E9F4;
					};
				};
			};
			buildConfigurationList = 3ECBE71F1E78CF160065E9F4 /* Build configuration list for PBXProject "DetailView" */;
			compatibilityVersion = "Xcode 3.2";
			developmentRegion = English;
			hasScannedForEncodings = 0;
			knownRegions = (
				en,
				Base,
			);
			mainGroup = 3ECBE71B1E78CF160065E9F4;
			productRefGroup = 3ECBE7251E78CF160065E9F4 /* Products */;
			projectDirPath = "";
			projectRoot = "";
			targets = (
				3ECBE7231E78CF160065E9F4 /* DetailView */,
				3ECBE73C1E78CF160065E9F4 /* DetailViewTests */,
				3ECBE7471E78CF160065E9F4 /* DetailViewUITests */,
			);
		};
/* End PBXProject section */

/* Begin PBXResourcesBuildPhase section */
		3ECBE7221E78CF160065E9F4 /* Resources */ = {
			isa = PBXResourcesBuildPhase;
			buildActionMask = 2147483647;
			files = (
				3EDEF91A1E7A7CD50023E600 /* select_no.png in Resources */,
				3EDEF9131E7A7CD50023E600 /* camera_focus_pic.png in Resources */,
				3EDEF9181E7A7CD50023E600 /* photo_add.png in Resources */,
				3EDEF9141E7A7CD50023E600 /* change_camera_pic.png in Resources */,
				3ECBE7371E78CF160065E9F4 /* LaunchScreen.storyboard in Resources */,
				3EDEF9111E7A7CD50023E600 /* back_button_normal.png in Resources */,
				3EDEF9151E7A7CD50023E600 /* flash_close_pic.png in Resources */,
				3EDEF91C1E7A7CD50023E600 /* take_photo_pic.png in Resources */,
				3EDEF9121E7A7CD50023E600 /* back_button_normal@2x.png in Resources */,
				3EDEF9171E7A7CD50023E600 /* no_data.png in Resources */,
				3EDEF91B1E7A7CD50023E600 /* select_yes.png in Resources */,
				3EDEF91D1E7A7CD50023E600 /* take_photo_pic@2x.png in Resources */,
				3EDEF91F1E7A7CD50023E600 /* zz_alumb_rightCell.png in Resources */,
				3ECBE7341E78CF160065E9F4 /* Assets.xcassets in Resources */,
				3EDEF9191E7A7CD50023E600 /* remove_btn_pic.png in Resources */,
				3EDEF9161E7A7CD50023E600 /* flash_open_pic.png in Resources */,
				3ECBE7321E78CF160065E9F4 /* Main.storyboard in Resources */,
				3EDEF91E1E7A7CD50023E600 /* trash_btn_pic.png in Resources */,
			);
			runOnlyForDeploymentPostprocessing = 0;
		};
		3ECBE73B1E78CF160065E9F4 /* Resources */ = {
			isa = PBXResourcesBuildPhase;
			buildActionMask = 2147483647;
			files = (
			);
			runOnlyForDeploymentPostprocessing = 0;
		};
		3ECBE7461E78CF160065E9F4 /* Resources */ = {
			isa = PBXResourcesBuildPhase;
			buildActionMask = 2147483647;
			files = (
			);
			runOnlyForDeploymentPostprocessing = 0;
		};
/* End PBXResourcesBuildPhase section */

/* Begin PBXShellScriptBuildPhase section */
		646FE43001DD3C289F0F27F3 /* [CP] Embed Pods Frameworks */ = {
			isa = PBXShellScriptBuildPhase;
			buildActionMask = 2147483647;
			files = (
			);
			inputPaths = (
			);
			name = "[CP] Embed Pods Frameworks";
			outputPaths = (
			);
			runOnlyForDeploymentPostprocessing = 0;
			shellPath = /bin/sh;
			shellScript = "\"${SRCROOT}/Pods/Target Support Files/Pods-DetailView/Pods-DetailView-frameworks.sh\"\n";
			showEnvVarsInLog = 0;
		};
		BDD7CFFB170AED5ADB31991A /* [CP] Check Pods Manifest.lock */ = {
			isa = PBXShellScriptBuildPhase;
			buildActionMask = 2147483647;
			files = (
			);
			inputPaths = (
			);
			name = "[CP] Check Pods Manifest.lock";
			outputPaths = (
			);
			runOnlyForDeploymentPostprocessing = 0;
			shellPath = /bin/sh;
			shellScript = "diff \"${PODS_ROOT}/../Podfile.lock\" \"${PODS_ROOT}/Manifest.lock\" > /dev/null\nif [ $? != 0 ] ; then\n    # print error to STDERR\n    echo \"error: The sandbox is not in sync with the Podfile.lock. Run 'pod install' or update your CocoaPods installation.\" >&2\n    exit 1\nfi\n";
			showEnvVarsInLog = 0;
		};
		CC6729DB2365DB0CC5DD05EA /* [CP] Copy Pods Resources */ = {
			isa = PBXShellScriptBuildPhase;
			buildActionMask = 2147483647;
			files = (
			);
			inputPaths = (
			);
			name = "[CP] Copy Pods Resources";
			outputPaths = (
			);
			runOnlyForDeploymentPostprocessing = 0;
			shellPath = /bin/sh;
			shellScript = "\"${SRCROOT}/Pods/Target Support Files/Pods-DetailView/Pods-DetailView-resources.sh\"\n";
			showEnvVarsInLog = 0;
		};
/* End PBXShellScriptBuildPhase section */

/* Begin PBXSourcesBuildPhase section */
		3ECBE7201E78CF160065E9F4 /* Sources */ = {
			isa = PBXSourcesBuildPhase;
			buildActionMask = 2147483647;
			files = (
				3EDEF92A1E7A7CD50023E600 /* ZZPhotoBrowerViewController.m in Sources */,
				3EDEF92C1E7A7CD50023E600 /* ZZPhotoListViewController.m in Sources */,
				3EDEF9321E7A7CD50023E600 /* ZZPhotoBrowerCell.m in Sources */,
				3EDEF9601E7A81040023E600 /* SDWebImageManager.m in Sources */,
				3EDEF9361E7A7CD50023E600 /* ZZPhotoPickerFooterView.m in Sources */,
				3EDEF8B11E7960780023E600 /* PhotosView.m in Sources */,
				3EDEF92D1E7A7CD50023E600 /* ZZPhotoPickerViewController.m in Sources */,
				3EDEF9641E7A81040023E600 /* UIImage+MultiFormat.m in Sources */,
				3E41BF061E793A4F00D5CDC0 /* ItemDetailModel.m in Sources */,
				3EDEF95E1E7A81040023E600 /* SDWebImageDownloader.m in Sources */,
				3ECBE72F1E78CF160065E9F4 /* ViewController.m in Sources */,
				3EDEF9651E7A81040023E600 /* UIImage+WebP.m in Sources */,
				3EDEF9251E7A7CD50023E600 /* ZZCameraPickerViewController.m in Sources */,
				3EDEF9311E7A7CD50023E600 /* ZZPhotoAlert.m in Sources */,
				3EDEF9101E7A7CD50023E600 /* ZZAlumAnimation.m in Sources */,
				3EDEF9351E7A7CD50023E600 /* ZZPhotoPickerCell.m in Sources */,
				3EDEF9661E7A81040023E600 /* UIImageView+HighlightedWebCache.m in Sources */,
				3EDEF95D1E7A81040023E600 /* SDWebImageDecoder.m in Sources */,
				3EDEF9611E7A81040023E600 /* SDWebImagePrefetcher.m in Sources */,
				3EDEF9271E7A7CD50023E600 /* ZZCameraBrowerCell.m in Sources */,
				3EDEF9291E7A7CD50023E600 /* ZZCameraPickerCell.m in Sources */,
				3EDEF9281E7A7CD50023E600 /* ZZCameraFocusView.m in Sources */,
				3EDEF9201E7A7CD50023E600 /* ZZBrowserPickerCell.m in Sources */,
				3EDEF92B1E7A7CD50023E600 /* ZZPhotoController.m in Sources */,
				3EDEF9241E7A7CD50023E600 /* ZZCameraController.m in Sources */,
				3EDEF9631E7A81040023E600 /* UIImage+GIF.m in Sources */,
				3EDEF9671E7A81040023E600 /* UIImageView+WebCache.m in Sources */,
				3EDEF92E1E7A7CD50023E600 /* ZZPhoto.m in Sources */,
				3EDEF95B1E7A81040023E600 /* SDImageCache.m in Sources */,
				3ECBE72C1E78CF160065E9F4 /* AppDelegate.m in Sources */,
				3E41BF0A1E79426900D5CDC0 /* PictureViewController.m in Sources */,
				3EDEF9221E7A7CD50023E600 /* ZZPageControl.m in Sources */,
				3EDEF9331E7A7CD50023E600 /* ZZPhotoHud.m in Sources */,
				3EDEF95F1E7A81040023E600 /* SDWebImageDownloaderOperation.m in Sources */,
				3EDEF9231E7A7CD50023E600 /* ZZCameraBrowerViewController.m in Sources */,
				3EDEF9341E7A7CD50023E600 /* ZZPhotoListCell.m in Sources */,
				3EDEF95C1E7A81040023E600 /* SDWebImageCompat.m in Sources */,
				3EDEF95A1E7A81040023E600 /* NSData+ImageContentType.m in Sources */,
				3E41BF051E793A4F00D5CDC0 /* HDetailView.m in Sources */,
				3E41BF071E793A4F00D5CDC0 /* ItemDetailView.m in Sources */,
				3ECBE7291E78CF160065E9F4 /* main.m in Sources */,
				3EDEF9621E7A81040023E600 /* UIButton+WebCache.m in Sources */,
				3EDEF9261E7A7CD50023E600 /* ZZCamera.m in Sources */,
				3EDEF8AE1E795B070023E600 /* PictureView.m in Sources */,
				3EDEF92F1E7A7CD50023E600 /* ZZPhotoDatas.m in Sources */,
				3EDEF9681E7A81040023E600 /* UIView+WebCacheOperation.m in Sources */,
				3EDEF9591E7A81040023E600 /* MKAnnotationView+WebCache.m in Sources */,
				3EDEF9301E7A7CD50023E600 /* ZZPhotoListModel.m in Sources */,
				3EDEF9211E7A7CD50023E600 /* ZZBrowserPickerViewController.m in Sources */,
			);
			runOnlyForDeploymentPostprocessing = 0;
		};
		3ECBE7391E78CF160065E9F4 /* Sources */ = {
			isa = PBXSourcesBuildPhase;
			buildActionMask = 2147483647;
			files = (
				3ECBE7421E78CF160065E9F4 /* DetailViewTests.m in Sources */,
			);
			runOnlyForDeploymentPostprocessing = 0;
		};
		3ECBE7441E78CF160065E9F4 /* Sources */ = {
			isa = PBXSourcesBuildPhase;
			buildActionMask = 2147483647;
			files = (
				3ECBE74D1E78CF160065E9F4 /* DetailViewUITests.m in Sources */,
			);
			runOnlyForDeploymentPostprocessing = 0;
		};
/* End PBXSourcesBuildPhase section */

/* Begin PBXTargetDependency section */
		3ECBE73F1E78CF160065E9F4 /* PBXTargetDependency */ = {
			isa = PBXTargetDependency;
			target = 3ECBE7231E78CF160065E9F4 /* DetailView */;
			targetProxy = 3ECBE73E1E78CF160065E9F4 /* PBXContainerItemProxy */;
		};
		3ECBE74A1E78CF160065E9F4 /* PBXTargetDependency */ = {
			isa = PBXTargetDependency;
			target = 3ECBE7231E78CF160065E9F4 /* DetailView */;
			targetProxy = 3ECBE7491E78CF160065E9F4 /* PBXContainerItemProxy */;
		};
/* End PBXTargetDependency section */

/* Begin PBXVariantGroup section */
		3ECBE7301E78CF160065E9F4 /* Main.storyboard */ = {
			isa = PBXVariantGroup;
			children = (
				3ECBE7311E78CF160065E9F4 /* Base */,
			);
			name = Main.storyboard;
			sourceTree = "<group>";
		};
		3ECBE7351E78CF160065E9F4 /* LaunchScreen.storyboard */ = {
			isa = PBXVariantGroup;
			children = (
				3ECBE7361E78CF160065E9F4 /* Base */,
			);
			name = LaunchScreen.storyboard;
			sourceTree = "<group>";
		};
/* End PBXVariantGroup section */

/* Begin XCBuildConfiguration section */
		3ECBE74F1E78CF160065E9F4 /* Debug */ = {
			isa = XCBuildConfiguration;
			buildSettings = {
				ALWAYS_SEARCH_USER_PATHS = NO;
				CLANG_ANALYZER_NONNULL = YES;
				CLANG_CXX_LANGUAGE_STANDARD = "gnu++0x";
				CLANG_CXX_LIBRARY = "libc++";
				CLANG_ENABLE_MODULES = YES;
				CLANG_ENABLE_OBJC_ARC = YES;
				CLANG_WARN_BOOL_CONVERSION = YES;
				CLANG_WARN_CONSTANT_CONVERSION = YES;
				CLANG_WARN_DIRECT_OBJC_ISA_USAGE = YES_ERROR;
				CLANG_WARN_DOCUMENTATION_COMMENTS = YES;
				CLANG_WARN_EMPTY_BODY = YES;
				CLANG_WARN_ENUM_CONVERSION = YES;
				CLANG_WARN_INFINITE_RECURSION = YES;
				CLANG_WARN_INT_CONVERSION = YES;
				CLANG_WARN_OBJC_ROOT_CLASS = YES_ERROR;
				CLANG_WARN_SUSPICIOUS_MOVE = YES;
				CLANG_WARN_UNREACHABLE_CODE = YES;
				CLANG_WARN__DUPLICATE_METHOD_MATCH = YES;
				"CODE_SIGN_IDENTITY[sdk=iphoneos*]" = "iPhone Developer";
				COPY_PHASE_STRIP = NO;
				DEBUG_INFORMATION_FORMAT = dwarf;
				ENABLE_STRICT_OBJC_MSGSEND = YES;
				ENABLE_TESTABILITY = YES;
				GCC_C_LANGUAGE_STANDARD = gnu99;
				GCC_DYNAMIC_NO_PIC = NO;
				GCC_NO_COMMON_BLOCKS = YES;
				GCC_OPTIMIZATION_LEVEL = 0;
				GCC_PREPROCESSOR_DEFINITIONS = (
					"DEBUG=1",
					"$(inherited)",
				);
				GCC_WARN_64_TO_32_BIT_CONVERSION = YES;
				GCC_WARN_ABOUT_RETURN_TYPE = YES_ERROR;
				GCC_WARN_UNDECLARED_SELECTOR = YES;
				GCC_WARN_UNINITIALIZED_AUTOS = YES_AGGRESSIVE;
				GCC_WARN_UNUSED_FUNCTION = YES;
				GCC_WARN_UNUSED_VARIABLE = YES;
				IPHONEOS_DEPLOYMENT_TARGET = 10.2;
				MTL_ENABLE_DEBUG_INFO = YES;
				ONLY_ACTIVE_ARCH = YES;
				SDKROOT = iphoneos;
				TARGETED_DEVICE_FAMILY = "1,2";
			};
			name = Debug;
		};
		3ECBE7501E78CF160065E9F4 /* Release */ = {
			isa = XCBuildConfiguration;
			buildSettings = {
				ALWAYS_SEARCH_USER_PATHS = NO;
				CLANG_ANALYZER_NONNULL = YES;
				CLANG_CXX_LANGUAGE_STANDARD = "gnu++0x";
				CLANG_CXX_LIBRARY = "libc++";
				CLANG_ENABLE_MODULES = YES;
				CLANG_ENABLE_OBJC_ARC = YES;
				CLANG_WARN_BOOL_CONVERSION = YES;
				CLANG_WARN_CONSTANT_CONVERSION = YES;
				CLANG_WARN_DIRECT_OBJC_ISA_USAGE = YES_ERROR;
				CLANG_WARN_DOCUMENTATION_COMMENTS = YES;
				CLANG_WARN_EMPTY_BODY = YES;
				CLANG_WARN_ENUM_CONVERSION = YES;
				CLANG_WARN_INFINITE_RECURSION = YES;
				CLANG_WARN_INT_CONVERSION = YES;
				CLANG_WARN_OBJC_ROOT_CLASS = YES_ERROR;
				CLANG_WARN_SUSPICIOUS_MOVE = YES;
				CLANG_WARN_UNREACHABLE_CODE = YES;
				CLANG_WARN__DUPLICATE_METHOD_MATCH = YES;
				"CODE_SIGN_IDENTITY[sdk=iphoneos*]" = "iPhone Developer";
				COPY_PHASE_STRIP = NO;
				DEBUG_INFORMATION_FORMAT = "dwarf-with-dsym";
				ENABLE_NS_ASSERTIONS = NO;
				ENABLE_STRICT_OBJC_MSGSEND = YES;
				GCC_C_LANGUAGE_STANDARD = gnu99;
				GCC_NO_COMMON_BLOCKS = YES;
				GCC_WARN_64_TO_32_BIT_CONVERSION = YES;
				GCC_WARN_ABOUT_RETURN_TYPE = YES_ERROR;
				GCC_WARN_UNDECLARED_SELECTOR = YES;
				GCC_WARN_UNINITIALIZED_AUTOS = YES_AGGRESSIVE;
				GCC_WARN_UNUSED_FUNCTION = YES;
				GCC_WARN_UNUSED_VARIABLE = YES;
				IPHONEOS_DEPLOYMENT_TARGET = 10.2;
				MTL_ENABLE_DEBUG_INFO = NO;
				SDKROOT = iphoneos;
				TARGETED_DEVICE_FAMILY = "1,2";
				VALIDATE_PRODUCT = YES;
			};
			name = Release;
		};
		3ECBE7521E78CF160065E9F4 /* Debug */ = {
			isa = XCBuildConfiguration;
			baseConfigurationReference = 96C2F2FE7706C2686A1604D9 /* Pods-DetailView.debug.xcconfig */;
			buildSettings = {
				ASSETCATALOG_COMPILER_APPICON_NAME = AppIcon;
				DEVELOPMENT_TEAM = 7K5U4P98VN;
				GCC_PREFIX_HEADER = "$(SRCROOT)/DetailView/PrefixHeader.pch";
				INFOPLIST_FILE = DetailView/Info.plist;
				IPHONEOS_DEPLOYMENT_TARGET = 9.2;
				LD_RUNPATH_SEARCH_PATHS = "$(inherited) @executable_path/Frameworks";
				PRODUCT_BUNDLE_IDENTIFIER = hundred.DetailView;
				PRODUCT_NAME = "$(TARGET_NAME)";
			};
			name = Debug;
		};
		3ECBE7531E78CF160065E9F4 /* Release */ = {
			isa = XCBuildConfiguration;
			baseConfigurationReference = 511CE8646282927E9D9D1FAD /* Pods-DetailView.release.xcconfig */;
			buildSettings = {
				ASSETCATALOG_COMPILER_APPICON_NAME = AppIcon;
				DEVELOPMENT_TEAM = 7K5U4P98VN;
				GCC_PREFIX_HEADER = "$(SRCROOT)/DetailView/PrefixHeader.pch";
				INFOPLIST_FILE = DetailView/Info.plist;
				IPHONEOS_DEPLOYMENT_TARGET = 9.2;
				LD_RUNPATH_SEARCH_PATHS = "$(inherited) @executable_path/Frameworks";
				PRODUCT_BUNDLE_IDENTIFIER = hundred.DetailView;
				PRODUCT_NAME = "$(TARGET_NAME)";
			};
			name = Release;
		};
		3ECBE7551E78CF160065E9F4 /* Debug */ = {
			isa = XCBuildConfiguration;
			buildSettings = {
				BUNDLE_LOADER = "$(TEST_HOST)";
				DEVELOPMENT_TEAM = 7K5U4P98VN;
				INFOPLIST_FILE = DetailViewTests/Info.plist;
				LD_RUNPATH_SEARCH_PATHS = "$(inherited) @executable_path/Frameworks @loader_path/Frameworks";
				PRODUCT_BUNDLE_IDENTIFIER = hundred.DetailViewTests;
				PRODUCT_NAME = "$(TARGET_NAME)";
				TEST_HOST = "$(BUILT_PRODUCTS_DIR)/DetailView.app/DetailView";
			};
			name = Debug;
		};
		3ECBE7561E78CF160065E9F4 /* Release */ = {
			isa = XCBuildConfiguration;
			buildSettings = {
				BUNDLE_LOADER = "$(TEST_HOST)";
				DEVELOPMENT_TEAM = 7K5U4P98VN;
				INFOPLIST_FILE = DetailViewTests/Info.plist;
				LD_RUNPATH_SEARCH_PATHS = "$(inherited) @executable_path/Frameworks @loader_path/Frameworks";
				PRODUCT_BUNDLE_IDENTIFIER = hundred.DetailViewTests;
				PRODUCT_NAME = "$(TARGET_NAME)";
				TEST_HOST = "$(BUILT_PRODUCTS_DIR)/DetailView.app/DetailView";
			};
			name = Release;
		};
		3ECBE7581E78CF160065E9F4 /* Debug */ = {
			isa = XCBuildConfiguration;
			buildSettings = {
				DEVELOPMENT_TEAM = 7K5U4P98VN;
				INFOPLIST_FILE = DetailViewUITests/Info.plist;
				LD_RUNPATH_SEARCH_PATHS = "$(inherited) @executable_path/Frameworks @loader_path/Frameworks";
				PRODUCT_BUNDLE_IDENTIFIER = hundred.DetailViewUITests;
				PRODUCT_NAME = "$(TARGET_NAME)";
				TEST_TARGET_NAME = DetailView;
			};
			name = Debug;
		};
		3ECBE7591E78CF160065E9F4 /* Release */ = {
			isa = XCBuildConfiguration;
			buildSettings = {
				DEVELOPMENT_TEAM = 7K5U4P98VN;
				INFOPLIST_FILE = DetailViewUITests/Info.plist;
				LD_RUNPATH_SEARCH_PATHS = "$(inherited) @executable_path/Frameworks @loader_path/Frameworks";
				PRODUCT_BUNDLE_IDENTIFIER = hundred.DetailViewUITests;
				PRODUCT_NAME = "$(TARGET_NAME)";
				TEST_TARGET_NAME = DetailView;
			};
			name = Release;
		};
/* End XCBuildConfiguration section */

/* Begin XCConfigurationList section */
		3ECBE71F1E78CF160065E9F4 /* Build configuration list for PBXProject "DetailView" */ = {
			isa = XCConfigurationList;
			buildConfigurations = (
				3ECBE74F1E78CF160065E9F4 /* Debug */,
				3ECBE7501E78CF160065E9F4 /* Release */,
			);
			defaultConfigurationIsVisible = 0;
			defaultConfigurationName = Release;
		};
		3ECBE7511E78CF160065E9F4 /* Build configuration list for PBXNativeTarget "DetailView" */ = {
			isa = XCConfigurationList;
			buildConfigurations = (
				3ECBE7521E78CF160065E9F4 /* Debug */,
				3ECBE7531E78CF160065E9F4 /* Release */,
			);
			defaultConfigurationIsVisible = 0;
			defaultConfigurationName = Release;
		};
		3ECBE7541E78CF160065E9F4 /* Build configuration list for PBXNativeTarget "DetailViewTests" */ = {
			isa = XCConfigurationList;
			buildConfigurations = (
				3ECBE7551E78CF160065E9F4 /* Debug */,
				3ECBE7561E78CF160065E9F4 /* Release */,
			);
			defaultConfigurationIsVisible = 0;
			defaultConfigurationName = Release;
		};
		3ECBE7571E78CF160065E9F4 /* Build configuration list for PBXNativeTarget "DetailViewUITests" */ = {
			isa = XCConfigurationList;
			buildConfigurations = (
				3ECBE7581E78CF160065E9F4 /* Debug */,
				3ECBE7591E78CF160065E9F4 /* Release */,
			);
			defaultConfigurationIsVisible = 0;
			defaultConfigurationName = Release;
		};
/* End XCConfigurationList section */
	};
	rootObject = 3ECBE71C1E78CF160065E9F4 /* Project object */;
}
