// !$*UTF8*$!
{
	archiveVersion = 1;
	classes = {
	};
	objectVersion = 46;
	objects = {

/* Begin PBXBuildFile section */
		3E2DF6981E779FBF00BE67F9 /* main.m in Sources */ = {isa = PBXBuildFile; fileRef = 3E2DF6971E779FBF00BE67F9 /* main.m */; };
		3E2DF69B1E779FBF00BE67F9 /* AppDelegate.m in Sources */ = {isa = PBXBuildFile; fileRef = 3E2DF69A1E779FBF00BE67F9 /* AppDelegate.m */; };
		3E2DF69E1E779FBF00BE67F9 /* ViewController.m in Sources */ = {isa = PBXBuildFile; fileRef = 3E2DF69D1E779FBF00BE67F9 /* ViewController.m */; };
		3E2DF6A11E779FBF00BE67F9 /* Main.storyboard in Resources */ = {isa = PBXBuildFile; fileRef = 3E2DF69F1E779FBF00BE67F9 /* Main.storyboard */; };
		3E2DF6A31E779FBF00BE67F9 /* Assets.xcassets in Resources */ = {isa = PBXBuildFile; fileRef = 3E2DF6A21E779FBF00BE67F9 /* Assets.xcassets */; };
		3E2DF6A61E779FBF00BE67F9 /* LaunchScreen.storyboard in Resources */ = {isa = PBXBuildFile; fileRef = 3E2DF6A41E779FBF00BE67F9 /* LaunchScreen.storyboard */; };
		3E2DF6B11E779FBF00BE67F9 /* simpleTests.m in Sources */ = {isa = PBXBuildFile; fileRef = 3E2DF6B01E779FBF00BE67F9 /* simpleTests.m */; };
		3E2DF6BC1E779FBF00BE67F9 /* simpleUITests.m in Sources */ = {isa = PBXBuildFile; fileRef = 3E2DF6BB1E779FBF00BE67F9 /* simpleUITests.m */; };
		3E2DF6CD1E77C28D00BE67F9 /* Foundation+Log.m in Sources */ = {isa = PBXBuildFile; fileRef = 3E2DF6CC1E77C28D00BE67F9 /* Foundation+Log.m */; };
		3E2DF6D11E77C32600BE67F9 /* CustomModel.m in Sources */ = {isa = PBXBuildFile; fileRef = 3E2DF6D01E77C32600BE67F9 /* CustomModel.m */; };
		3E2DF6D51E77C6C400BE67F9 /* SortTool.m in Sources */ = {isa = PBXBuildFile; fileRef = 3E2DF6D41E77C6C400BE67F9 /* SortTool.m */; };
		EF811D3E56B73B5DA70C4959 /* libPods-simple.a in Frameworks */ = {isa = PBXBuildFile; fileRef = 14E0CC64CC6979CF262E8DAB /* libPods-simple.a */; };
/* End PBXBuildFile section */

/* Begin PBXContainerItemProxy section */
		3E2DF6AD1E779FBF00BE67F9 /* PBXContainerItemProxy */ = {
			isa = PBXContainerItemProxy;
			containerPortal = 3E2DF68B1E779FBF00BE67F9 /* Project object */;
			proxyType = 1;
			remoteGlobalIDString = 3E2DF6921E779FBF00BE67F9;
			remoteInfo = simple;
		};
		3E2DF6B81E779FBF00BE67F9 /* PBXContainerItemProxy */ = {
			isa = PBXContainerItemProxy;
			containerPortal = 3E2DF68B1E779FBF00BE67F9 /* Project object */;
			proxyType = 1;
			remoteGlobalIDString = 3E2DF6921E779FBF00BE67F9;
			remoteInfo = simple;
		};
/* End PBXContainerItemProxy section */

/* Begin PBXFileReference section */
		14E0CC64CC6979CF262E8DAB /* libPods-simple.a */ = {isa = PBXFileReference; explicitFileType = archive.ar; includeInIndex = 0; path = "libPods-simple.a"; sourceTree = BUILT_PRODUCTS_DIR; };
		21D281B9742AC359CDC5F2BD /* Pods-simple.release.xcconfig */ = {isa = PBXFileReference; includeInIndex = 1; lastKnownFileType = text.xcconfig; name = "Pods-simple.release.xcconfig"; path = "Pods/Target Support Files/Pods-simple/Pods-simple.release.xcconfig"; sourceTree = "<group>"; };
		3E2DF6931E779FBF00BE67F9 /* simple.app */ = {isa = PBXFileReference; explicitFileType = wrapper.application; includeInIndex = 0; path = simple.app; sourceTree = BUILT_PRODUCTS_DIR; };
		3E2DF6971E779FBF00BE67F9 /* main.m */ = {isa = PBXFileReference; lastKnownFileType = sourcecode.c.objc; path = main.m; sourceTree = "<group>"; };
		3E2DF6991E779FBF00BE67F9 /* AppDelegate.h */ = {isa = PBXFileReference; lastKnownFileType = sourcecode.c.h; path = AppDelegate.h; sourceTree = "<group>"; };
		3E2DF69A1E779FBF00BE67F9 /* AppDelegate.m */ = {isa = PBXFileReference; lastKnownFileType = sourcecode.c.objc; path = AppDelegate.m; sourceTree = "<group>"; };
		3E2DF69C1E779FBF00BE67F9 /* ViewController.h */ = {isa = PBXFileReference; lastKnownFileType = sourcecode.c.h; path = ViewController.h; sourceTree = "<group>"; };
		3E2DF69D1E779FBF00BE67F9 /* ViewController.m */ = {isa = PBXFileReference; lastKnownFileType = sourcecode.c.objc; path = ViewController.m; sourceTree = "<group>"; };
		3E2DF6A01E779FBF00BE67F9 /* Base */ = {isa = PBXFileReference; lastKnownFileType = file.storyboard; name = Base; path = Base.lproj/Main.storyboard; sourceTree = "<group>"; };
		3E2DF6A21E779FBF00BE67F9 /* Assets.xcassets */ = {isa = PBXFileReference; lastKnownFileType = folder.assetcatalog; path = Assets.xcassets; sourceTree = "<group>"; };
		3E2DF6A51E779FBF00BE67F9 /* Base */ = {isa = PBXFileReference; lastKnownFileType = file.storyboard; name = Base; path = Base.lproj/LaunchScreen.storyboard; sourceTree = "<group>"; };
		3E2DF6A71E779FBF00BE67F9 /* Info.plist */ = {isa = PBXFileReference; lastKnownFileType = text.plist.xml; path = Info.plist; sourceTree = "<group>"; };
		3E2DF6AC1E779FBF00BE67F9 /* simpleTests.xctest */ = {isa = PBXFileReference; explicitFileType = wrapper.cfbundle; includeInIndex = 0; path = simpleTests.xctest; sourceTree = BUILT_PRODUCTS_DIR; };
		3E2DF6B01E779FBF00BE67F9 /* simpleTests.m */ = {isa = PBXFileReference; lastKnownFileType = sourcecode.c.objc; path = simpleTests.m; sourceTree = "<group>"; };
		3E2DF6B21E779FBF00BE67F9 /* Info.plist */ = {isa = PBXFileReference; lastKnownFileType = text.plist.xml; path = Info.plist; sourceTree = "<group>"; };
		3E2DF6B71E779FBF00BE67F9 /* simpleUITests.xctest */ = {isa = PBXFileReference; explicitFileType = wrapper.cfbundle; includeInIndex = 0; path = simpleUITests.xctest; sourceTree = BUILT_PRODUCTS_DIR; };
		3E2DF6BB1E779FBF00BE67F9 /* simpleUITests.m */ = {isa = PBXFileReference; lastKnownFileType = sourcecode.c.objc; path = simpleUITests.m; sourceTree = "<group>"; };
		3E2DF6BD1E779FBF00BE67F9 /* Info.plist */ = {isa = PBXFileReference; lastKnownFileType = text.plist.xml; path = Info.plist; sourceTree = "<group>"; };
		3E2DF6CC1E77C28D00BE67F9 /* Foundation+Log.m */ = {isa = PBXFileReference; fileEncoding = 4; lastKnownFileType = sourcecode.c.objc; path = "Foundation+Log.m"; sourceTree = "<group>"; };
		3E2DF6CF1E77C32600BE67F9 /* CustomModel.h */ = {isa = PBXFileReference; fileEncoding = 4; lastKnownFileType = sourcecode.c.h; path = CustomModel.h; sourceTree = "<group>"; };
		3E2DF6D01E77C32600BE67F9 /* CustomModel.m */ = {isa = PBXFileReference; fileEncoding = 4; lastKnownFileType = sourcecode.c.objc; path = CustomModel.m; sourceTree = "<group>"; };
		3E2DF6D31E77C6C400BE67F9 /* SortTool.h */ = {isa = PBXFileReference; fileEncoding = 4; lastKnownFileType = sourcecode.c.h; path = SortTool.h; sourceTree = "<group>"; };
		3E2DF6D41E77C6C400BE67F9 /* SortTool.m */ = {isa = PBXFileReference; fileEncoding = 4; lastKnownFileType = sourcecode.c.objc; path = SortTool.m; sourceTree = "<group>"; };
		EF05245B5733426197FDB740 /* Pods-simple.debug.xcconfig */ = {isa = PBXFileReference; includeInIndex = 1; lastKnownFileType = text.xcconfig; name = "Pods-simple.debug.xcconfig"; path = "Pods/Target Support Files/Pods-simple/Pods-simple.debug.xcconfig"; sourceTree = "<group>"; };
/* End PBXFileReference section */

/* Begin PBXFrameworksBuildPhase section */
		3E2DF6901E779FBF00BE67F9 /* Frameworks */ = {
			isa = PBXFrameworksBuildPhase;
			buildActionMask = 2147483647;
			files = (
				EF811D3E56B73B5DA70C4959 /* libPods-simple.a in Frameworks */,
			);
			runOnlyForDeploymentPostprocessing = 0;
		};
		3E2DF6A91E779FBF00BE67F9 /* Frameworks */ = {
			isa = PBXFrameworksBuildPhase;
			buildActionMask = 2147483647;
			files = (
			);
			runOnlyForDeploymentPostprocessing = 0;
		};
		3E2DF6B41E779FBF00BE67F9 /* Frameworks */ = {
			isa = PBXFrameworksBuildPhase;
			buildActionMask = 2147483647;
			files = (
			);
			runOnlyForDeploymentPostprocessing = 0;
		};
/* End PBXFrameworksBuildPhase section */

/* Begin PBXGroup section */
		006721A52745149E0ED4BC29 /* Frameworks */ = {
			isa = PBXGroup;
			children = (
				14E0CC64CC6979CF262E8DAB /* libPods-simple.a */,
			);
			name = Frameworks;
			sourceTree = "<group>";
		};
		3E2DF68A1E779FBF00BE67F9 = {
			isa = PBXGroup;
			children = (
				3E2DF6951E779FBF00BE67F9 /* simple */,
				3E2DF6AF1E779FBF00BE67F9 /* simpleTests */,
				3E2DF6BA1E779FBF00BE67F9 /* simpleUITests */,
				3E2DF6941E779FBF00BE67F9 /* Products */,
				84F3718D425B62F58D98EA98 /* Pods */,
				006721A52745149E0ED4BC29 /* Frameworks */,
			);
			sourceTree = "<group>";
		};
		3E2DF6941E779FBF00BE67F9 /* Products */ = {
			isa = PBXGroup;
			children = (
				3E2DF6931E779FBF00BE67F9 /* simple.app */,
				3E2DF6AC1E779FBF00BE67F9 /* simpleTests.xctest */,
				3E2DF6B71E779FBF00BE67F9 /* simpleUITests.xctest */,
			);
			name = Products;
			sourceTree = "<group>";
		};
		3E2DF6951E779FBF00BE67F9 /* simple */ = {
			isa = PBXGroup;
			children = (
				3E2DF6D21E77C6C400BE67F9 /* SortTool */,
				3E2DF6CE1E77C32600BE67F9 /* Model */,
				3E2DF6CC1E77C28D00BE67F9 /* Foundation+Log.m */,
				3E2DF6991E779FBF00BE67F9 /* AppDelegate.h */,
				3E2DF69A1E779FBF00BE67F9 /* AppDelegate.m */,
				3E2DF69C1E779FBF00BE67F9 /* ViewController.h */,
				3E2DF69D1E779FBF00BE67F9 /* ViewController.m */,
				3E2DF69F1E779FBF00BE67F9 /* Main.storyboard */,
				3E2DF6A21E779FBF00BE67F9 /* Assets.xcassets */,
				3E2DF6A41E779FBF00BE67F9 /* LaunchScreen.storyboard */,
				3E2DF6A71E779FBF00BE67F9 /* Info.plist */,
				3E2DF6961E779FBF00BE67F9 /* Supporting Files */,
			);
			path = simple;
			sourceTree = "<group>";
		};
		3E2DF6961E779FBF00BE67F9 /* Supporting Files */ = {
			isa = PBXGroup;
			children = (
				3E2DF6971E779FBF00BE67F9 /* main.m */,
			);
			name = "Supporting Files";
			sourceTree = "<group>";
		};
		3E2DF6AF1E779FBF00BE67F9 /* simpleTests */ = {
			isa = PBXGroup;
			children = (
				3E2DF6B01E779FBF00BE67F9 /* simpleTests.m */,
				3E2DF6B21E779FBF00BE67F9 /* Info.plist */,
			);
			path = simpleTests;
			sourceTree = "<group>";
		};
		3E2DF6BA1E779FBF00BE67F9 /* simpleUITests */ = {
			isa = PBXGroup;
			children = (
				3E2DF6BB1E779FBF00BE67F9 /* simpleUITests.m */,
				3E2DF6BD1E779FBF00BE67F9 /* Info.plist */,
			);
			path = simpleUITests;
			sourceTree = "<group>";
		};
		3E2DF6CE1E77C32600BE67F9 /* Model */ = {
			isa = PBXGroup;
			children = (
				3E2DF6CF1E77C32600BE67F9 /* CustomModel.h */,
				3E2DF6D01E77C32600BE67F9 /* CustomModel.m */,
			);
			path = Model;
			sourceTree = "<group>";
		};
		3E2DF6D21E77C6C400BE67F9 /* SortTool */ = {
			isa = PBXGroup;
			children = (
				3E2DF6D31E77C6C400BE67F9 /* SortTool.h */,
				3E2DF6D41E77C6C400BE67F9 /* SortTool.m */,
			);
			path = SortTool;
			sourceTree = "<group>";
		};
		84F3718D425B62F58D98EA98 /* Pods */ = {
			isa = PBXGroup;
			children = (
				EF05245B5733426197FDB740 /* Pods-simple.debug.xcconfig */,
				21D281B9742AC359CDC5F2BD /* Pods-simple.release.xcconfig */,
			);
			name = Pods;
			sourceTree = "<group>";
		};
/* End PBXGroup section */

/* Begin PBXNativeTarget section */
		3E2DF6921E779FBF00BE67F9 /* simple */ = {
			isa = PBXNativeTarget;
			buildConfigurationList = 3E2DF6C01E779FBF00BE67F9 /* Build configuration list for PBXNativeTarget "simple" */;
			buildPhases = (
				14C8A242C9FAC59DD8B154ED /* [CP] Check Pods Manifest.lock */,
				3E2DF68F1E779FBF00BE67F9 /* Sources */,
				3E2DF6901E779FBF00BE67F9 /* Frameworks */,
				3E2DF6911E779FBF00BE67F9 /* Resources */,
				D4394E54FB4A9535796091A0 /* [CP] Embed Pods Frameworks */,
				D35406D38F8364BA4A1D0B8A /* [CP] Copy Pods Resources */,
			);
			buildRules = (
			);
			dependencies = (
			);
			name = simple;
			productName = simple;
			productReference = 3E2DF6931E779FBF00BE67F9 /* simple.app */;
			productType = "com.apple.product-type.application";
		};
		3E2DF6AB1E779FBF00BE67F9 /* simpleTests */ = {
			isa = PBXNativeTarget;
			buildConfigurationList = 3E2DF6C31E779FBF00BE67F9 /* Build configuration list for PBXNativeTarget "simpleTests" */;
			buildPhases = (
				3E2DF6A81E779FBF00BE67F9 /* Sources */,
				3E2DF6A91E779FBF00BE67F9 /* Frameworks */,
				3E2DF6AA1E779FBF00BE67F9 /* Resources */,
			);
			buildRules = (
			);
			dependencies = (
				3E2DF6AE1E779FBF00BE67F9 /* PBXTargetDependency */,
			);
			name = simpleTests;
			productName = simpleTests;
			productReference = 3E2DF6AC1E779FBF00BE67F9 /* simpleTests.xctest */;
			productType = "com.apple.product-type.bundle.unit-test";
		};
		3E2DF6B61E779FBF00BE67F9 /* simpleUITests */ = {
			isa = PBXNativeTarget;
			buildConfigurationList = 3E2DF6C61E779FBF00BE67F9 /* Build configuration list for PBXNativeTarget "simpleUITests" */;
			buildPhases = (
				3E2DF6B31E779FBF00BE67F9 /* Sources */,
				3E2DF6B41E779FBF00BE67F9 /* Frameworks */,
				3E2DF6B51E779FBF00BE67F9 /* Resources */,
			);
			buildRules = (
			);
			dependencies = (
				3E2DF6B91E779FBF00BE67F9 /* PBXTargetDependency */,
			);
			name = simpleUITests;
			productName = simpleUITests;
			productReference = 3E2DF6B71E779FBF00BE67F9 /* simpleUITests.xctest */;
			productType = "com.apple.product-type.bundle.ui-testing";
		};
/* End PBXNativeTarget section */

/* Begin PBXProject section */
		3E2DF68B1E779FBF00BE67F9 /* Project object */ = {
			isa = PBXProject;
			attributes = {
				LastUpgradeCheck = 0820;
				ORGANIZATIONNAME = hundred;
				TargetAttributes = {
					3E2DF6921E779FBF00BE67F9 = {
						CreatedOnToolsVersion = 8.2.1;
						DevelopmentTeam = 7K5U4P98VN;
						ProvisioningStyle = Automatic;
					};
					3E2DF6AB1E779FBF00BE67F9 = {
						CreatedOnToolsVersion = 8.2.1;
						DevelopmentTeam = 7K5U4P98VN;
						ProvisioningStyle = Automatic;
						TestTargetID = 3E2DF6921E779FBF00BE67F9;
					};
					3E2DF6B61E779FBF00BE67F9 = {
						CreatedOnToolsVersion = 8.2.1;
						DevelopmentTeam = 7K5U4P98VN;
						ProvisioningStyle = Automatic;
						TestTargetID = 3E2DF6921E779FBF00BE67F9;
					};
				};
			};
			buildConfigurationList = 3E2DF68E1E779FBF00BE67F9 /* Build configuration list for PBXProject "simple" */;
			compatibilityVersion = "Xcode 3.2";
			developmentRegion = English;
			hasScannedForEncodings = 0;
			knownRegions = (
				en,
				Base,
			);
			mainGroup = 3E2DF68A1E779FBF00BE67F9;
			productRefGroup = 3E2DF6941E779FBF00BE67F9 /* Products */;
			projectDirPath = "";
			projectRoot = "";
			targets = (
				3E2DF6921E779FBF00BE67F9 /* simple */,
				3E2DF6AB1E779FBF00BE67F9 /* simpleTests */,
				3E2DF6B61E779FBF00BE67F9 /* simpleUITests */,
			);
		};
/* End PBXProject section */

/* Begin PBXResourcesBuildPhase section */
		3E2DF6911E779FBF00BE67F9 /* Resources */ = {
			isa = PBXResourcesBuildPhase;
			buildActionMask = 2147483647;
			files = (
				3E2DF6A61E779FBF00BE67F9 /* LaunchScreen.storyboard in Resources */,
				3E2DF6A31E779FBF00BE67F9 /* Assets.xcassets in Resources */,
				3E2DF6A11E779FBF00BE67F9 /* Main.storyboard in Resources */,
			);
			runOnlyForDeploymentPostprocessing = 0;
		};
		3E2DF6AA1E779FBF00BE67F9 /* Resources */ = {
			isa = PBXResourcesBuildPhase;
			buildActionMask = 2147483647;
			files = (
			);
			runOnlyForDeploymentPostprocessing = 0;
		};
		3E2DF6B51E779FBF00BE67F9 /* Resources */ = {
			isa = PBXResourcesBuildPhase;
			buildActionMask = 2147483647;
			files = (
			);
			runOnlyForDeploymentPostprocessing = 0;
		};
/* End PBXResourcesBuildPhase section */

/* Begin PBXShellScriptBuildPhase section */
		14C8A242C9FAC59DD8B154ED /* [CP] Check Pods Manifest.lock */ = {
			isa = PBXShellScriptBuildPhase;
			buildActionMask = 2147483647;
			files = (
			);
			inputPaths = (
			);
			name = "[CP] Check Pods Manifest.lock";
			outputPaths = (
			);
			runOnlyForDeploymentPostprocessing = 0;
			shellPath = /bin/sh;
			shellScript = "diff \"${PODS_ROOT}/../Podfile.lock\" \"${PODS_ROOT}/Manifest.lock\" > /dev/null\nif [ $? != 0 ] ; then\n    # print error to STDERR\n    echo \"error: The sandbox is not in sync with the Podfile.lock. Run 'pod install' or update your CocoaPods installation.\" >&2\n    exit 1\nfi\n";
			showEnvVarsInLog = 0;
		};
		D35406D38F8364BA4A1D0B8A /* [CP] Copy Pods Resources */ = {
			isa = PBXShellScriptBuildPhase;
			buildActionMask = 2147483647;
			files = (
			);
			inputPaths = (
			);
			name = "[CP] Copy Pods Resources";
			outputPaths = (
			);
			runOnlyForDeploymentPostprocessing = 0;
			shellPath = /bin/sh;
			shellScript = "\"${SRCROOT}/Pods/Target Support Files/Pods-simple/Pods-simple-resources.sh\"\n";
			showEnvVarsInLog = 0;
		};
		D4394E54FB4A9535796091A0 /* [CP] Embed Pods Frameworks */ = {
			isa = PBXShellScriptBuildPhase;
			buildActionMask = 2147483647;
			files = (
			);
			inputPaths = (
			);
			name = "[CP] Embed Pods Frameworks";
			outputPaths = (
			);
			runOnlyForDeploymentPostprocessing = 0;
			shellPath = /bin/sh;
			shellScript = "\"${SRCROOT}/Pods/Target Support Files/Pods-simple/Pods-simple-frameworks.sh\"\n";
			showEnvVarsInLog = 0;
		};
/* End PBXShellScriptBuildPhase section */

/* Begin PBXSourcesBuildPhase section */
		3E2DF68F1E779FBF00BE67F9 /* Sources */ = {
			isa = PBXSourcesBuildPhase;
			buildActionMask = 2147483647;
			files = (
				3E2DF69E1E779FBF00BE67F9 /* ViewController.m in Sources */,
				3E2DF6CD1E77C28D00BE67F9 /* Foundation+Log.m in Sources */,
				3E2DF6D11E77C32600BE67F9 /* CustomModel.m in Sources */,
				3E2DF69B1E779FBF00BE67F9 /* AppDelegate.m in Sources */,
				3E2DF6981E779FBF00BE67F9 /* main.m in Sources */,
				3E2DF6D51E77C6C400BE67F9 /* SortTool.m in Sources */,
			);
			runOnlyForDeploymentPostprocessing = 0;
		};
		3E2DF6A81E779FBF00BE67F9 /* Sources */ = {
			isa = PBXSourcesBuildPhase;
			buildActionMask = 2147483647;
			files = (
				3E2DF6B11E779FBF00BE67F9 /* simpleTests.m in Sources */,
			);
			runOnlyForDeploymentPostprocessing = 0;
		};
		3E2DF6B31E779FBF00BE67F9 /* Sources */ = {
			isa = PBXSourcesBuildPhase;
			buildActionMask = 2147483647;
			files = (
				3E2DF6BC1E779FBF00BE67F9 /* simpleUITests.m in Sources */,
			);
			runOnlyForDeploymentPostprocessing = 0;
		};
/* End PBXSourcesBuildPhase section */

/* Begin PBXTargetDependency section */
		3E2DF6AE1E779FBF00BE67F9 /* PBXTargetDependency */ = {
			isa = PBXTargetDependency;
			target = 3E2DF6921E779FBF00BE67F9 /* simple */;
			targetProxy = 3E2DF6AD1E779FBF00BE67F9 /* PBXContainerItemProxy */;
		};
		3E2DF6B91E779FBF00BE67F9 /* PBXTargetDependency */ = {
			isa = PBXTargetDependency;
			target = 3E2DF6921E779FBF00BE67F9 /* simple */;
			targetProxy = 3E2DF6B81E779FBF00BE67F9 /* PBXContainerItemProxy */;
		};
/* End PBXTargetDependency section */

/* Begin PBXVariantGroup section */
		3E2DF69F1E779FBF00BE67F9 /* Main.storyboard */ = {
			isa = PBXVariantGroup;
			children = (
				3E2DF6A01E779FBF00BE67F9 /* Base */,
			);
			name = Main.storyboard;
			sourceTree = "<group>";
		};
		3E2DF6A41E779FBF00BE67F9 /* LaunchScreen.storyboard */ = {
			isa = PBXVariantGroup;
			children = (
				3E2DF6A51E779FBF00BE67F9 /* Base */,
			);
			name = LaunchScreen.storyboard;
			sourceTree = "<group>";
		};
/* End PBXVariantGroup section */

/* Begin XCBuildConfiguration section */
		3E2DF6BE1E779FBF00BE67F9 /* Debug */ = {
			isa = XCBuildConfiguration;
			buildSettings = {
				ALWAYS_SEARCH_USER_PATHS = NO;
				CLANG_ANALYZER_NONNULL = YES;
				CLANG_CXX_LANGUAGE_STANDARD = "gnu++0x";
				CLANG_CXX_LIBRARY = "libc++";
				CLANG_ENABLE_MODULES = YES;
				CLANG_ENABLE_OBJC_ARC = YES;
				CLANG_WARN_BOOL_CONVERSION = YES;
				CLANG_WARN_CONSTANT_CONVERSION = YES;
				CLANG_WARN_DIRECT_OBJC_ISA_USAGE = YES_ERROR;
				CLANG_WARN_DOCUMENTATION_COMMENTS = YES;
				CLANG_WARN_EMPTY_BODY = YES;
				CLANG_WARN_ENUM_CONVERSION = YES;
				CLANG_WARN_INFINITE_RECURSION = YES;
				CLANG_WARN_INT_CONVERSION = YES;
				CLANG_WARN_OBJC_ROOT_CLASS = YES_ERROR;
				CLANG_WARN_SUSPICIOUS_MOVE = YES;
				CLANG_WARN_UNREACHABLE_CODE = YES;
				CLANG_WARN__DUPLICATE_METHOD_MATCH = YES;
				"CODE_SIGN_IDENTITY[sdk=iphoneos*]" = "iPhone Developer";
				COPY_PHASE_STRIP = NO;
				DEBUG_INFORMATION_FORMAT = dwarf;
				ENABLE_STRICT_OBJC_MSGSEND = YES;
				ENABLE_TESTABILITY = YES;
				GCC_C_LANGUAGE_STANDARD = gnu99;
				GCC_DYNAMIC_NO_PIC = NO;
				GCC_NO_COMMON_BLOCKS = YES;
				GCC_OPTIMIZATION_LEVEL = 0;
				GCC_PREPROCESSOR_DEFINITIONS = (
					"DEBUG=1",
					"$(inherited)",
				);
				GCC_WARN_64_TO_32_BIT_CONVERSION = YES;
				GCC_WARN_ABOUT_RETURN_TYPE = YES_ERROR;
				GCC_WARN_UNDECLARED_SELECTOR = YES;
				GCC_WARN_UNINITIALIZED_AUTOS = YES_AGGRESSIVE;
				GCC_WARN_UNUSED_FUNCTION = YES;
				GCC_WARN_UNUSED_VARIABLE = YES;
				IPHONEOS_DEPLOYMENT_TARGET = 10.2;
				MTL_ENABLE_DEBUG_INFO = YES;
				ONLY_ACTIVE_ARCH = YES;
				SDKROOT = iphoneos;
				TARGETED_DEVICE_FAMILY = "1,2";
			};
			name = Debug;
		};
		3E2DF6BF1E779FBF00BE67F9 /* Release */ = {
			isa = XCBuildConfiguration;
			buildSettings = {
				ALWAYS_SEARCH_USER_PATHS = NO;
				CLANG_ANALYZER_NONNULL = YES;
				CLANG_CXX_LANGUAGE_STANDARD = "gnu++0x";
				CLANG_CXX_LIBRARY = "libc++";
				CLANG_ENABLE_MODULES = YES;
				CLANG_ENABLE_OBJC_ARC = YES;
				CLANG_WARN_BOOL_CONVERSION = YES;
				CLANG_WARN_CONSTANT_CONVERSION = YES;
				CLANG_WARN_DIRECT_OBJC_ISA_USAGE = YES_ERROR;
				CLANG_WARN_DOCUMENTATION_COMMENTS = YES;
				CLANG_WARN_EMPTY_BODY = YES;
				CLANG_WARN_ENUM_CONVERSION = YES;
				CLANG_WARN_INFINITE_RECURSION = YES;
				CLANG_WARN_INT_CONVERSION = YES;
				CLANG_WARN_OBJC_ROOT_CLASS = YES_ERROR;
				CLANG_WARN_SUSPICIOUS_MOVE = YES;
				CLANG_WARN_UNREACHABLE_CODE = YES;
				CLANG_WARN__DUPLICATE_METHOD_MATCH = YES;
				"CODE_SIGN_IDENTITY[sdk=iphoneos*]" = "iPhone Developer";
				COPY_PHASE_STRIP = NO;
				DEBUG_INFORMATION_FORMAT = "dwarf-with-dsym";
				ENABLE_NS_ASSERTIONS = NO;
				ENABLE_STRICT_OBJC_MSGSEND = YES;
				GCC_C_LANGUAGE_STANDARD = gnu99;
				GCC_NO_COMMON_BLOCKS = YES;
				GCC_WARN_64_TO_32_BIT_CONVERSION = YES;
				GCC_WARN_ABOUT_RETURN_TYPE = YES_ERROR;
				GCC_WARN_UNDECLARED_SELECTOR = YES;
				GCC_WARN_UNINITIALIZED_AUTOS = YES_AGGRESSIVE;
				GCC_WARN_UNUSED_FUNCTION = YES;
				GCC_WARN_UNUSED_VARIABLE = YES;
				IPHONEOS_DEPLOYMENT_TARGET = 10.2;
				MTL_ENABLE_DEBUG_INFO = NO;
				SDKROOT = iphoneos;
				TARGETED_DEVICE_FAMILY = "1,2";
				VALIDATE_PRODUCT = YES;
			};
			name = Release;
		};
		3E2DF6C11E779FBF00BE67F9 /* Debug */ = {
			isa = XCBuildConfiguration;
			baseConfigurationReference = EF05245B5733426197FDB740 /* Pods-simple.debug.xcconfig */;
			buildSettings = {
				ASSETCATALOG_COMPILER_APPICON_NAME = AppIcon;
				DEVELOPMENT_TEAM = 7K5U4P98VN;
				INFOPLIST_FILE = simple/Info.plist;
				LD_RUNPATH_SEARCH_PATHS = "$(inherited) @executable_path/Frameworks";
				PRODUCT_BUNDLE_IDENTIFIER = hundred.simple;
				PRODUCT_NAME = "$(TARGET_NAME)";
			};
			name = Debug;
		};
		3E2DF6C21E779FBF00BE67F9 /* Release */ = {
			isa = XCBuildConfiguration;
			baseConfigurationReference = 21D281B9742AC359CDC5F2BD /* Pods-simple.release.xcconfig */;
			buildSettings = {
				ASSETCATALOG_COMPILER_APPICON_NAME = AppIcon;
				DEVELOPMENT_TEAM = 7K5U4P98VN;
				INFOPLIST_FILE = simple/Info.plist;
				LD_RUNPATH_SEARCH_PATHS = "$(inherited) @executable_path/Frameworks";
				PRODUCT_BUNDLE_IDENTIFIER = hundred.simple;
				PRODUCT_NAME = "$(TARGET_NAME)";
			};
			name = Release;
		};
		3E2DF6C41E779FBF00BE67F9 /* Debug */ = {
			isa = XCBuildConfiguration;
			buildSettings = {
				BUNDLE_LOADER = "$(TEST_HOST)";
				DEVELOPMENT_TEAM = 7K5U4P98VN;
				INFOPLIST_FILE = simpleTests/Info.plist;
				LD_RUNPATH_SEARCH_PATHS = "$(inherited) @executable_path/Frameworks @loader_path/Frameworks";
				PRODUCT_BUNDLE_IDENTIFIER = hundred.simpleTests;
				PRODUCT_NAME = "$(TARGET_NAME)";
				TEST_HOST = "$(BUILT_PRODUCTS_DIR)/simple.app/simple";
			};
			name = Debug;
		};
		3E2DF6C51E779FBF00BE67F9 /* Release */ = {
			isa = XCBuildConfiguration;
			buildSettings = {
				BUNDLE_LOADER = "$(TEST_HOST)";
				DEVELOPMENT_TEAM = 7K5U4P98VN;
				INFOPLIST_FILE = simpleTests/Info.plist;
				LD_RUNPATH_SEARCH_PATHS = "$(inherited) @executable_path/Frameworks @loader_path/Frameworks";
				PRODUCT_BUNDLE_IDENTIFIER = hundred.simpleTests;
				PRODUCT_NAME = "$(TARGET_NAME)";
				TEST_HOST = "$(BUILT_PRODUCTS_DIR)/simple.app/simple";
			};
			name = Release;
		};
		3E2DF6C71E779FBF00BE67F9 /* Debug */ = {
			isa = XCBuildConfiguration;
			buildSettings = {
				DEVELOPMENT_TEAM = 7K5U4P98VN;
				INFOPLIST_FILE = simpleUITests/Info.plist;
				LD_RUNPATH_SEARCH_PATHS = "$(inherited) @executable_path/Frameworks @loader_path/Frameworks";
				PRODUCT_BUNDLE_IDENTIFIER = hundred.simpleUITests;
				PRODUCT_NAME = "$(TARGET_NAME)";
				TEST_TARGET_NAME = simple;
			};
			name = Debug;
		};
		3E2DF6C81E779FBF00BE67F9 /* Release */ = {
			isa = XCBuildConfiguration;
			buildSettings = {
				DEVELOPMENT_TEAM = 7K5U4P98VN;
				INFOPLIST_FILE = simpleUITests/Info.plist;
				LD_RUNPATH_SEARCH_PATHS = "$(inherited) @executable_path/Frameworks @loader_path/Frameworks";
				PRODUCT_BUNDLE_IDENTIFIER = hundred.simpleUITests;
				PRODUCT_NAME = "$(TARGET_NAME)";
				TEST_TARGET_NAME = simple;
			};
			name = Release;
		};
/* End XCBuildConfiguration section */

/* Begin XCConfigurationList section */
		3E2DF68E1E779FBF00BE67F9 /* Build configuration list for PBXProject "simple" */ = {
			isa = XCConfigurationList;
			buildConfigurations = (
				3E2DF6BE1E779FBF00BE67F9 /* Debug */,
				3E2DF6BF1E779FBF00BE67F9 /* Release */,
			);
			defaultConfigurationIsVisible = 0;
			defaultConfigurationName = Release;
		};
		3E2DF6C01E779FBF00BE67F9 /* Build configuration list for PBXNativeTarget "simple" */ = {
			isa = XCConfigurationList;
			buildConfigurations = (
				3E2DF6C11E779FBF00BE67F9 /* Debug */,
				3E2DF6C21E779FBF00BE67F9 /* Release */,
			);
			defaultConfigurationIsVisible = 0;
			defaultConfigurationName = Release;
		};
		3E2DF6C31E779FBF00BE67F9 /* Build configuration list for PBXNativeTarget "simpleTests" */ = {
			isa = XCConfigurationList;
			buildConfigurations = (
				3E2DF6C41E779FBF00BE67F9 /* Debug */,
				3E2DF6C51E779FBF00BE67F9 /* Release */,
			);
			defaultConfigurationIsVisible = 0;
			defaultConfigurationName = Release;
		};
		3E2DF6C61E779FBF00BE67F9 /* Build configuration list for PBXNativeTarget "simpleUITests" */ = {
			isa = XCConfigurationList;
			buildConfigurations = (
				3E2DF6C71E779FBF00BE67F9 /* Debug */,
				3E2DF6C81E779FBF00BE67F9 /* Release */,
			);
			defaultConfigurationIsVisible = 0;
			defaultConfigurationName = Release;
		};
/* End XCConfigurationList section */
	};
	rootObject = 3E2DF68B1E779FBF00BE67F9 /* Project object */;
}
